<?xml version="1.0" encoding="utf-8"?>
<Project ToolsVersion="4.0" xmlns="http://schemas.microsoft.com/developer/msbuild/2003">
  <ItemGroup>
    <Filter Include="Source Files">
      <UniqueIdentifier>{4FC737F1-C7A5-4376-A066-2A32D752A2FF}</UniqueIdentifier>
      <Extensions>cpp;c;cc;cxx;def;odl;idl;hpj;bat;asm;asmx</Extensions>
    </Filter>
    <Filter Include="Header Files">
      <UniqueIdentifier>{93995380-89BD-4b04-88EB-625FBE52EBFB}</UniqueIdentifier>
      <Extensions>h;hh;hpp;hxx;hm;inl;inc;xsd</Extensions>
    </Filter>
    <Filter Include="Resource Files">
      <UniqueIdentifier>{67DA6AB6-F800-4c08-8B7A-83BB121AAD01}</UniqueIdentifier>
      <Extensions>rc;ico;cur;bmp;dlg;rc2;rct;bin;rgs;gif;jpg;jpeg;jpe;resx;tiff;tif;png;wav;mfcribbon-ms</Extensions>
    </Filter>
    <Filter Include="Header Files\Renderer">
      <UniqueIdentifier>{f96297cf-80e6-441a-8a4a-a30c951b83d2}</UniqueIdentifier>
    </Filter>
    <Filter Include="Header Files\Renderer\Texture">
      <UniqueIdentifier>{d889dc1f-c487-45da-b3de-bef681193a4e}</UniqueIdentifier>
    </Filter>
    <Filter Include="Source Files\Renderer">
      <UniqueIdentifier>{b28535f7-c6f5-4991-a685-c2a4bcf27e00}</UniqueIdentifier>
    </Filter>
    <Filter Include="Source Files\Renderer\Texture">
      <UniqueIdentifier>{3b179361-5f02-4c0d-8ed9-88aa82586b68}</UniqueIdentifier>
    </Filter>
    <Filter Include="Header Files\Renderer\Window">
      <UniqueIdentifier>{2b6a91a6-9a76-49ff-918d-ce3f634d38f4}</UniqueIdentifier>
    </Filter>
    <Filter Include="Source Files\Renderer\Window">
      <UniqueIdentifier>{3756d94b-8434-4a1e-9b45-e10c2afd20bc}</UniqueIdentifier>
    </Filter>
  </ItemGroup>
  <ItemGroup>
    <ClCompile Include="..\..\src\Object.cpp">
      <Filter>Source Files</Filter>
    </ClCompile>
    <ClCompile Include="..\..\src\Renderer\Texture\Texture.cpp">
      <Filter>Source Files\Renderer\Texture</Filter>
    </ClCompile>
    <ClCompile Include="..\..\src\Renderer\Window\Window.cpp">
      <Filter>Source Files\Renderer\Window</Filter>
    </ClCompile>
    <ClCompile Include="..\..\src\Renderer\Window\WindowWin32.cpp">
      <Filter>Source Files\Renderer\Window</Filter>
    </ClCompile>
    <ClCompile Include="..\..\src\Renderer\Window\WindowManager.cpp">
      <Filter>Source Files\Renderer\Window</Filter>
    </ClCompile>
    <ClCompile Include="..\..\src\Logger.cpp">
      <Filter>Source Files</Filter>
    </ClCompile>
  </ItemGroup>
  <ItemGroup>
    <ClInclude Include="..\..\include\Object.hpp">
      <Filter>Header Files</Filter>
    </ClInclude>
    <ClInclude Include="..\..\include\Renderer\Texture\Texture.hpp">
      <Filter>Header Files\Renderer\Texture</Filter>
    </ClInclude>
    <ClInclude Include="..\..\include\Renderer\Texture\TextureEnums.hpp">
      <Filter>Header Files\Renderer\Texture</Filter>
    </ClInclude>
    <ClInclude Include="..\..\include\Renderer\RenderContext.hpp">
      <Filter>Header Files\Renderer</Filter>
    </ClInclude>
    <ClInclude Include="..\..\include\Renderer\Window\Window.hpp">
      <Filter>Header Files\Renderer\Window</Filter>
    </ClInclude>
    <ClInclude Include="..\..\include\Renderer\Window\WindowDisplay.hpp">
      <Filter>Header Files\Renderer\Window</Filter>
    </ClInclude>
    <ClInclude Include="..\..\include\Renderer\Window\WindowWin32.hpp">
      <Filter>Header Files\Renderer\Window</Filter>
    </ClInclude>
    <ClInclude Include="..\..\include\Exception.hpp">
      <Filter>Header Files</Filter>
    </ClInclude>
    <ClInclude Include="..\..\include\Renderer\Window\WindowManager.hpp">
      <Filter>Header Files\Renderer\Window</Filter>
    </ClInclude>
    <ClInclude Include="..\..\include\Common.hpp">
      <Filter>Header Files</Filter>
    </ClInclude>
    <ClInclude Include="..\..\include\Logger.hpp">
      <Filter>Header Files</Filter>
    </ClInclude>
  </ItemGroup>
</Project>