<?xml version="1.0" encoding="utf-8"?>
<Project ToolsVersion="4.0" xmlns="http://schemas.microsoft.com/developer/msbuild/2003">
  <ItemGroup>
    <Filter Include="Source Files">
      <UniqueIdentifier>{4FC737F1-C7A5-4376-A066-2A32D752A2FF}</UniqueIdentifier>
      <Extensions>cpp;c;cc;cxx;def;odl;idl;hpj;bat;asm;asmx</Extensions>
    </Filter>
    <Filter Include="Header Files">
      <UniqueIdentifier>{93995380-89BD-4b04-88EB-625FBE52EBFB}</UniqueIdentifier>
      <Extensions>h;hh;hpp;hxx;hm;inl;inc;xsd</Extensions>
    </Filter>
    <Filter Include="Resource Files">
      <UniqueIdentifier>{67DA6AB6-F800-4c08-8B7A-83BB121AAD01}</UniqueIdentifier>
      <Extensions>rc;ico;cur;bmp;dlg;rc2;rct;bin;rgs;gif;jpg;jpeg;jpe;resx;tiff;tif;png;wav;mfcribbon-ms</Extensions>
    </Filter>
    <Filter Include="Header Files\Renderer">
      <UniqueIdentifier>{f96297cf-80e6-441a-8a4a-a30c951b83d2}</UniqueIdentifier>
    </Filter>
    <Filter Include="Source Files\Renderer">
      <UniqueIdentifier>{b28535f7-c6f5-4991-a685-c2a4bcf27e00}</UniqueIdentifier>
    </Filter>
    <Filter Include="Header Files\Renderer\Window">
      <UniqueIdentifier>{2b6a91a6-9a76-49ff-918d-ce3f634d38f4}</UniqueIdentifier>
    </Filter>
    <Filter Include="Source Files\Renderer\Window">
      <UniqueIdentifier>{3756d94b-8434-4a1e-9b45-e10c2afd20bc}</UniqueIdentifier>
    </Filter>
    <Filter Include="Header Files\Logger">
      <UniqueIdentifier>{e4753f81-8d23-4589-af5f-625a95f3897e}</UniqueIdentifier>
    </Filter>
    <Filter Include="Source Files\Logger">
      <UniqueIdentifier>{2aa84a8e-1207-4df5-8521-dfc52f031b6c}</UniqueIdentifier>
    </Filter>
    <Filter Include="Header Files\Time">
      <UniqueIdentifier>{5754af8d-59e3-4729-98a8-7062322c80fb}</UniqueIdentifier>
    </Filter>
    <Filter Include="Source Files\Time">
      <UniqueIdentifier>{9b2f2705-e11c-4874-9760-38f699c8b8a9}</UniqueIdentifier>
    </Filter>
    <Filter Include="Source Files\Events">
      <UniqueIdentifier>{62f997aa-740e-450b-8415-51f209ccb7fb}</UniqueIdentifier>
    </Filter>
    <Filter Include="Header Files\Utilities">
      <UniqueIdentifier>{159faa2a-0c9c-47e8-9f61-2caabc5dfcec}</UniqueIdentifier>
    </Filter>
    <Filter Include="Header Files\Utilities\Structures">
      <UniqueIdentifier>{5ea357d2-4f49-4519-b211-c216cc5465ba}</UniqueIdentifier>
    </Filter>
    <Filter Include="Source Files\Utilities">
      <UniqueIdentifier>{f2fc9227-01ae-4212-899c-57ad64a8ac35}</UniqueIdentifier>
    </Filter>
    <Filter Include="Source Files\Utilities\Structures">
      <UniqueIdentifier>{ab050594-0fb7-4be2-bdf8-b624b45ec16c}</UniqueIdentifier>
    </Filter>
    <Filter Include="Source Files\Events\Events">
      <UniqueIdentifier>{8983c53a-50e4-447f-b90d-926aa6e09d4d}</UniqueIdentifier>
    </Filter>
    <Filter Include="Header Files\FileIO">
      <UniqueIdentifier>{8842a039-9519-4f8e-9ceb-67fd6a79be74}</UniqueIdentifier>
    </Filter>
    <Filter Include="Source Files\FileIO">
      <UniqueIdentifier>{9bdc7774-0178-4d2a-887c-6fa349450941}</UniqueIdentifier>
    </Filter>
    <Filter Include="Header Files\Math">
      <UniqueIdentifier>{ba9e7be8-770b-4b77-8062-52624bb472d0}</UniqueIdentifier>
    </Filter>
    <Filter Include="Header Files\Math\Random">
      <UniqueIdentifier>{d4dab190-5a4e-42d1-83b5-50137800f319}</UniqueIdentifier>
    </Filter>
    <Filter Include="Header Files\Math\Noise">
      <UniqueIdentifier>{8f497808-7f1a-4597-aae3-e590dffe5152}</UniqueIdentifier>
    </Filter>
    <Filter Include="Source Files\Math">
      <UniqueIdentifier>{9a41756c-f1d1-4e65-9231-d1eddf7ab80b}</UniqueIdentifier>
    </Filter>
    <Filter Include="Source Files\Math\Random">
      <UniqueIdentifier>{b514aff3-181c-43a4-b6f7-a203a9194baf}</UniqueIdentifier>
    </Filter>
    <Filter Include="Source Files\Math\Noise">
      <UniqueIdentifier>{0700b793-bd23-4cae-b8ff-154ea58e742b}</UniqueIdentifier>
    </Filter>
    <Filter Include="Header Files\Resources">
      <UniqueIdentifier>{3a09d826-ddb8-41e1-abf6-346dc00f0c8e}</UniqueIdentifier>
    </Filter>
    <Filter Include="Source Files\Resources">
      <UniqueIdentifier>{7a8d8719-8bfd-4a7b-a62e-cc38e17e068e}</UniqueIdentifier>
    </Filter>
    <Filter Include="Header Files\Exceptions">
      <UniqueIdentifier>{a8aa3a6c-53f1-41dc-9fd2-c8bc0e5a09c5}</UniqueIdentifier>
    </Filter>
    <Filter Include="Header Files\Math\Random\PRNGs">
      <UniqueIdentifier>{94c32425-2c85-47d1-9039-4d4c0aae0292}</UniqueIdentifier>
    </Filter>
    <Filter Include="Source Files\Math\Random\PRNGs">
      <UniqueIdentifier>{e3f06e05-fc28-49f4-84cb-a2944d91c6fb}</UniqueIdentifier>
    </Filter>
    <Filter Include="Header Files\Scene">
      <UniqueIdentifier>{fb82c6f6-55e7-43d2-9d26-4b8a011765d9}</UniqueIdentifier>
    </Filter>
    <Filter Include="Source Files\Scene">
      <UniqueIdentifier>{ee6657ef-53c9-4f92-97b3-62426d3de23f}</UniqueIdentifier>
    </Filter>
    <Filter Include="Header Files\Math\Bounds">
      <UniqueIdentifier>{528b7d77-dff4-4aad-9072-7191ed1c793f}</UniqueIdentifier>
    </Filter>
    <Filter Include="Source Files\Math\Bounds">
      <UniqueIdentifier>{a1cd9500-b2a6-4304-8787-08e0aafefbce}</UniqueIdentifier>
    </Filter>
    <Filter Include="Header Files\Math\Geometry">
      <UniqueIdentifier>{4d984d1d-52a6-4157-b272-76a582d5c085}</UniqueIdentifier>
    </Filter>
    <Filter Include="Source Files\Math\Geometry">
      <UniqueIdentifier>{2cf3fd82-03b8-4f66-b2f5-3786f62b89ce}</UniqueIdentifier>
    </Filter>
    <Filter Include="Header Files\Math\Geometry\HalfEdge">
      <UniqueIdentifier>{a08e0982-378a-403b-a408-3652ca06ec34}</UniqueIdentifier>
    </Filter>
    <Filter Include="Header Files\Scene\BVHTree">
      <UniqueIdentifier>{e66941e4-28cb-4528-8879-a1732491de8a}</UniqueIdentifier>
    </Filter>
    <Filter Include="Source Files\Scene\BVHTree">
      <UniqueIdentifier>{f4f65a17-a0fc-4edc-a1fd-51db110b59ae}</UniqueIdentifier>
    </Filter>
    <Filter Include="Header Files\Performance">
      <UniqueIdentifier>{c40c0113-d9bb-424e-a203-876f95723497}</UniqueIdentifier>
    </Filter>
    <Filter Include="Source Files\Performance">
      <UniqueIdentifier>{7ea6c81e-8606-4657-906a-a59526207fbd}</UniqueIdentifier>
    </Filter>
    <Filter Include="Header Files\Scene\Routine">
      <UniqueIdentifier>{daa949cf-fb54-4a1b-981c-369d8ea9b017}</UniqueIdentifier>
    </Filter>
    <Filter Include="Header Files\Scene\Renderable">
      <UniqueIdentifier>{a1b62256-2657-4cb9-b3f3-ad6012343d6f}</UniqueIdentifier>
    </Filter>
    <Filter Include="Source Files\Scene\Renderable">
      <UniqueIdentifier>{95e8422a-d35e-40a6-8ed9-cfae952be8b8}</UniqueIdentifier>
    </Filter>
    <Filter Include="Source Files\Scene\Routine">
      <UniqueIdentifier>{f36a69a4-37e0-41aa-8aa5-bd0fdb4a1979}</UniqueIdentifier>
    </Filter>
    <Filter Include="Header Files\Input">
      <UniqueIdentifier>{c0bdfb8f-ee6f-4398-8eed-8437daaae98e}</UniqueIdentifier>
    </Filter>
    <Filter Include="Source Files\Input">
      <UniqueIdentifier>{4252400d-9449-4fd9-be4c-50a92a5f50a2}</UniqueIdentifier>
    </Filter>
    <Filter Include="Header Files\Event">
      <UniqueIdentifier>{89c21572-12eb-4192-81cc-94e441b211fe}</UniqueIdentifier>
    </Filter>
    <Filter Include="Header Files\Event\Events">
      <UniqueIdentifier>{5010c83c-4655-4c4e-aeaf-51c4083d8820}</UniqueIdentifier>
    </Filter>
    <Filter Include="Header Files\Graphics">
      <UniqueIdentifier>{cd1ce661-1df2-4169-b8a4-9ea7d779ed0a}</UniqueIdentifier>
    </Filter>
    <Filter Include="Header Files\Graphics\Material">
      <UniqueIdentifier>{898e2053-3268-44a3-877e-3ced49dbb254}</UniqueIdentifier>
    </Filter>
    <Filter Include="Header Files\Graphics\Shader">
      <UniqueIdentifier>{b2e42bc2-3cb2-4c43-903b-e15c7a7f0df0}</UniqueIdentifier>
    </Filter>
    <Filter Include="Header Files\Graphics\Texture">
      <UniqueIdentifier>{a90ed6a6-f4be-4e56-a89b-b5db8eaed2b4}</UniqueIdentifier>
    </Filter>
    <Filter Include="Header Files\Graphics\Texture\TextureLoaders">
      <UniqueIdentifier>{1a78ca9d-6829-4f19-86c0-4528bd352bd9}</UniqueIdentifier>
    </Filter>
    <Filter Include="Header Files\Graphics\Texture\TextureSavers">
      <UniqueIdentifier>{5501dfba-7d57-4b0b-b892-e8bee43c670d}</UniqueIdentifier>
    </Filter>
    <Filter Include="Source Files\Graphics">
      <UniqueIdentifier>{16236a83-cb9a-402e-b4cd-4d9e00c89e50}</UniqueIdentifier>
    </Filter>
    <Filter Include="Source Files\Graphics\Material">
      <UniqueIdentifier>{b37ef229-f0ef-4dd6-b310-a0f2741db132}</UniqueIdentifier>
    </Filter>
    <Filter Include="Source Files\Graphics\Shader">
      <UniqueIdentifier>{8900306e-3c09-4db0-b910-1188b46d2911}</UniqueIdentifier>
    </Filter>
    <Filter Include="Source Files\Graphics\Texture">
      <UniqueIdentifier>{3537954a-92bc-418f-a926-32d4dc34a428}</UniqueIdentifier>
    </Filter>
    <Filter Include="Source Files\Graphics\Texture\TextureLoaders">
      <UniqueIdentifier>{729a4deb-a09e-4f96-888d-d432f432997a}</UniqueIdentifier>
    </Filter>
    <Filter Include="Source Files\Graphics\Texture\TextureSavers">
      <UniqueIdentifier>{769d585d-2196-45ed-956a-566e2012a7c5}</UniqueIdentifier>
    </Filter>
    <Filter Include="Header Files\Graphics\Mesh">
      <UniqueIdentifier>{4cda2bbc-edc2-412b-80f7-f192e9ba0c2b}</UniqueIdentifier>
    </Filter>
    <Filter Include="Source Files\Graphics\Mesh">
      <UniqueIdentifier>{aee1c94a-3209-444d-a8e0-de7d22a34451}</UniqueIdentifier>
    </Filter>
    <Filter Include="Source Files\Graphics\Shader\Uniform">
      <UniqueIdentifier>{0395f666-cbda-472c-a1ad-ea5ece9dff23}</UniqueIdentifier>
    </Filter>
    <Filter Include="Header Files\Graphics\Shader\Uniform">
      <UniqueIdentifier>{2020a237-74f8-45ae-bf4f-97ab2ab09b4d}</UniqueIdentifier>
    </Filter>
    <Filter Include="Header Files\Scene\Camera">
      <UniqueIdentifier>{b540b68c-44b0-4fba-9869-f975422d9d8b}</UniqueIdentifier>
    </Filter>
    <Filter Include="Source Files\Scene\Camera">
      <UniqueIdentifier>{b51f3cac-fc6f-4f70-8bec-230d1e1e6f38}</UniqueIdentifier>
    </Filter>
  </ItemGroup>
  <ItemGroup>
    <ClCompile Include="..\..\src\Object.cpp">
      <Filter>Source Files</Filter>
    </ClCompile>
    <ClCompile Include="..\..\src\Renderer\Window\Window.cpp">
      <Filter>Source Files\Renderer\Window</Filter>
    </ClCompile>
    <ClCompile Include="..\..\src\Renderer\Window\WindowWin32.cpp">
      <Filter>Source Files\Renderer\Window</Filter>
    </ClCompile>
    <ClCompile Include="..\..\src\Renderer\Window\WindowManager.cpp">
      <Filter>Source Files\Renderer\Window</Filter>
    </ClCompile>
    <ClCompile Include="..\..\src\Logger\Logger.cpp">
      <Filter>Source Files\Logger</Filter>
    </ClCompile>
    <ClCompile Include="..\..\src\Logger\ConsoleLoggerListener.cpp">
      <Filter>Source Files\Logger</Filter>
    </ClCompile>
    <ClCompile Include="..\..\src\Logger\VSConsoleLoggerListener.cpp">
      <Filter>Source Files\Logger</Filter>
    </ClCompile>
    <ClCompile Include="..\..\src\Time\Clock.cpp">
      <Filter>Source Files\Time</Filter>
    </ClCompile>
    <ClCompile Include="..\..\src\Time\Timer.cpp">
      <Filter>Source Files\Time</Filter>
    </ClCompile>
    <ClCompile Include="..\..\src\Time\DateTime.cpp">
      <Filter>Source Files\Time</Filter>
    </ClCompile>
    <ClCompile Include="..\..\src\OcularEngine.cpp">
      <Filter>Source Files</Filter>
    </ClCompile>
    <ClCompile Include="..\..\src\Events\AEvent.cpp">
      <Filter>Source Files\Events</Filter>
    </ClCompile>
    <ClCompile Include="..\..\src\Events\EventManager.cpp">
      <Filter>Source Files\Events</Filter>
    </ClCompile>
    <ClCompile Include="..\..\src\Events\Events\ShutdownEvent.cpp">
      <Filter>Source Files\Events\Events</Filter>
    </ClCompile>
    <ClCompile Include="..\..\src\FileIO\File.cpp">
      <Filter>Source Files\FileIO</Filter>
    </ClCompile>
    <ClCompile Include="..\..\src\FileIO\Directory.cpp">
      <Filter>Source Files\FileIO</Filter>
    </ClCompile>
    <ClCompile Include="..\..\src\Events\Events\WindowResizeEvent.cpp">
      <Filter>Source Files\Events\Events</Filter>
    </ClCompile>
    <ClCompile Include="..\..\src\Events\EventSnooper.cpp">
      <Filter>Source Files\Events</Filter>
    </ClCompile>
    <ClCompile Include="..\..\src\Resources\ResourceExplorer.cpp">
      <Filter>Source Files\Resources</Filter>
    </ClCompile>
    <ClCompile Include="..\..\src\Resources\ResourceManager.cpp">
      <Filter>Source Files\Resources</Filter>
    </ClCompile>
    <ClCompile Include="..\..\src\Resources\ResourceMemoryDetails.cpp">
      <Filter>Source Files\Resources</Filter>
    </ClCompile>
    <ClCompile Include="..\..\src\Resources\Resource.cpp">
      <Filter>Source Files\Resources</Filter>
    </ClCompile>
    <ClCompile Include="..\..\src\Resources\ResourceLoader.cpp">
      <Filter>Source Files\Resources</Filter>
    </ClCompile>
    <ClCompile Include="..\..\src\Resources\ResourceLoaderManager.cpp">
      <Filter>Source Files\Resources</Filter>
    </ClCompile>
    <ClCompile Include="..\..\src\Resources\ResourceDetails.cpp">
      <Filter>Source Files\Resources</Filter>
    </ClCompile>
    <ClCompile Include="..\..\src\Resources\ResourceSaverManager.cpp">
      <Filter>Source Files\Resources</Filter>
    </ClCompile>
    <ClCompile Include="..\..\src\Resources\ResourceSaver.cpp">
      <Filter>Source Files\Resources</Filter>
    </ClCompile>
    <ClCompile Include="..\..\src\SystemInfo.cpp">
      <Filter>Source Files</Filter>
    </ClCompile>
    <ClCompile Include="..\..\src\Utilities\EndianOps.cpp">
      <Filter>Source Files\Utilities</Filter>
    </ClCompile>
    <ClCompile Include="..\..\src\Utilities\StringOps.cpp">
      <Filter>Source Files\Utilities</Filter>
    </ClCompile>
    <ClCompile Include="..\..\src\Math\Euler.cpp">
      <Filter>Source Files\Math</Filter>
    </ClCompile>
    <ClCompile Include="..\..\src\Math\Quaternion.cpp">
      <Filter>Source Files\Math</Filter>
    </ClCompile>
    <ClCompile Include="..\..\src\Math\Random\Random.cpp">
      <Filter>Source Files\Math\Random</Filter>
    </ClCompile>
    <ClCompile Include="..\..\src\Math\Noise\ANoise.cpp">
      <Filter>Source Files\Math\Noise</Filter>
    </ClCompile>
    <ClCompile Include="..\..\src\Math\Noise\SimplexNoise.cpp">
      <Filter>Source Files\Math\Noise</Filter>
    </ClCompile>
    <ClCompile Include="..\..\src\Math\Noise\PerlinNoise.cpp">
      <Filter>Source Files\Math\Noise</Filter>
    </ClCompile>
    <ClCompile Include="..\..\src\Math\Noise\WaveletNoise.cpp">
      <Filter>Source Files\Math\Noise</Filter>
    </ClCompile>
    <ClCompile Include="..\..\src\Math\Random\ARandom.cpp">
      <Filter>Source Files\Math\Random\PRNGs</Filter>
    </ClCompile>
    <ClCompile Include="..\..\src\Math\Random\CMWC.cpp">
      <Filter>Source Files\Math\Random\PRNGs</Filter>
    </ClCompile>
    <ClCompile Include="..\..\src\Math\Random\MersenneTwister127.cpp">
      <Filter>Source Files\Math\Random\PRNGs</Filter>
    </ClCompile>
    <ClCompile Include="..\..\src\Math\Random\MersenneTwister19937.cpp">
      <Filter>Source Files\Math\Random\PRNGs</Filter>
    </ClCompile>
    <ClCompile Include="..\..\src\Math\Random\XorShift.cpp">
      <Filter>Source Files\Math\Random\PRNGs</Filter>
    </ClCompile>
    <ClCompile Include="..\..\src\Math\Random\WELL.cpp">
      <Filter>Source Files\Math\Random\PRNGs</Filter>
    </ClCompile>
    <ClCompile Include="..\..\src\Utilities\HashGenerator.cpp">
      <Filter>Source Files\Utilities</Filter>
    </ClCompile>
    <ClCompile Include="..\..\src\UUID.cpp">
      <Filter>Source Files</Filter>
    </ClCompile>
    <ClCompile Include="..\..\src\Math\Transform.cpp">
      <Filter>Source Files\Math</Filter>
    </ClCompile>
    <ClCompile Include="..\..\src\Scene\SceneNode.cpp">
      <Filter>Source Files\Scene</Filter>
    </ClCompile>
    <ClCompile Include="..\..\src\Math\Bounds\BoundsAABB.cpp">
      <Filter>Source Files\Math\Bounds</Filter>
    </ClCompile>
    <ClCompile Include="..\..\src\Math\Bounds\BoundsSphere.cpp">
      <Filter>Source Files\Math\Bounds</Filter>
    </ClCompile>
    <ClCompile Include="..\..\src\Math\Bounds\Ray.cpp">
      <Filter>Source Files\Math\Bounds</Filter>
    </ClCompile>
    <ClCompile Include="..\..\src\Math\Geometry\Frustum.cpp">
      <Filter>Source Files\Math\Geometry</Filter>
    </ClCompile>
    <ClCompile Include="..\..\src\Math\Geometry\Polygon2D.cpp">
      <Filter>Source Files\Math\Geometry</Filter>
    </ClCompile>
    <ClCompile Include="..\..\src\Math\Geometry\ConvexHull2D.cpp">
      <Filter>Source Files\Math\Geometry</Filter>
    </ClCompile>
    <ClCompile Include="..\..\src\Math\Geometry\Vertex.cpp">
      <Filter>Source Files\Math\Geometry</Filter>
    </ClCompile>
    <ClCompile Include="..\..\src\Math\Geometry\Plane.cpp">
      <Filter>Source Files\Math\Geometry</Filter>
    </ClCompile>
    <ClCompile Include="..\..\src\Math\Bounds\BoundsOBB.cpp">
      <Filter>Source Files\Math\Bounds</Filter>
    </ClCompile>
    <ClCompile Include="..\..\src\Math\MortonCode.cpp">
      <Filter>Source Files\Math</Filter>
    </ClCompile>
    <ClCompile Include="..\..\src\Scene\BVHSceneTree.cpp">
      <Filter>Source Files\Scene\BVHTree</Filter>
    </ClCompile>
    <ClCompile Include="..\..\src\Scene\BVHSceneNode.cpp">
      <Filter>Source Files\Scene\BVHTree</Filter>
    </ClCompile>
    <ClCompile Include="..\..\src\Scene\SceneObject.cpp">
      <Filter>Source Files\Scene</Filter>
    </ClCompile>
    <ClCompile Include="..\..\src\Performance\ProfilerNode.cpp">
      <Filter>Source Files\Performance</Filter>
    </ClCompile>
    <ClCompile Include="..\..\src\Performance\Profiler.cpp">
      <Filter>Source Files\Performance</Filter>
    </ClCompile>
    <ClCompile Include="..\..\src\Performance\ProfilerScope.cpp">
      <Filter>Source Files\Performance</Filter>
    </ClCompile>
    <ClCompile Include="..\..\src\Scene\SceneManager.cpp">
      <Filter>Source Files\Scene</Filter>
    </ClCompile>
    <ClCompile Include="..\..\src\Scene\Scene.cpp">
      <Filter>Source Files\Scene</Filter>
    </ClCompile>
    <ClCompile Include="..\..\src\Scene\ARoutine.cpp">
      <Filter>Source Files\Scene\Routine</Filter>
    </ClCompile>
    <ClCompile Include="..\..\src\Scene\RoutineFactory.cpp">
      <Filter>Source Files\Scene\Routine</Filter>
    </ClCompile>
    <ClCompile Include="..\..\src\Input\InputHandler.cpp">
      <Filter>Source Files\Input</Filter>
    </ClCompile>
    <ClCompile Include="..\..\src\Events\Events\KeyboardInputEvent.cpp">
      <Filter>Source Files\Events\Events</Filter>
    </ClCompile>
    <ClCompile Include="..\..\src\Events\Events\MouseButtonInputEvent.cpp">
      <Filter>Source Files\Events\Events</Filter>
    </ClCompile>
    <ClCompile Include="..\..\src\Events\Events\MouseMoveInputEvent.cpp">
      <Filter>Source Files\Events\Events</Filter>
    </ClCompile>
    <ClCompile Include="..\..\src\Events\Events\MouseScrollInputEvent.cpp">
      <Filter>Source Files\Events\Events</Filter>
    </ClCompile>
    <ClCompile Include="..\..\src\Graphics\Material\Material.cpp">
      <Filter>Source Files\Graphics\Material</Filter>
    </ClCompile>
    <ClCompile Include="..\..\src\Graphics\Texture\NoiseTexture2D.cpp">
      <Filter>Source Files\Graphics\Texture</Filter>
    </ClCompile>
    <ClCompile Include="..\..\src\Graphics\Texture\Texture.cpp">
      <Filter>Source Files\Graphics\Texture</Filter>
    </ClCompile>
    <ClCompile Include="..\..\src\Graphics\Texture\Texture2D.cpp">
      <Filter>Source Files\Graphics\Texture</Filter>
    </ClCompile>
    <ClCompile Include="..\..\src\Graphics\Texture\TextureSavers\TextureResourceLoader_PNG.cpp">
      <Filter>Source Files\Graphics\Texture\TextureSavers</Filter>
    </ClCompile>
    <ClCompile Include="..\..\src\Graphics\Texture\TextureSavers\TextureResourceSaver.cpp">
      <Filter>Source Files\Graphics\Texture\TextureSavers</Filter>
    </ClCompile>
    <ClCompile Include="..\..\src\Graphics\Texture\TextureSavers\TextureResourceSaver_BMP.cpp">
      <Filter>Source Files\Graphics\Texture\TextureSavers</Filter>
    </ClCompile>
    <ClCompile Include="..\..\src\Graphics\Texture\TextureSavers\TextureResourceSaver_PNG.cpp">
      <Filter>Source Files\Graphics\Texture\TextureSavers</Filter>
    </ClCompile>
    <ClCompile Include="..\..\src\Graphics\Texture\TextureLoaders\TextureResourceLoader.cpp">
      <Filter>Source Files\Graphics\Texture\TextureLoaders</Filter>
    </ClCompile>
    <ClCompile Include="..\..\src\Graphics\Texture\TextureLoaders\TextureResourceLoader_BMP.cpp">
      <Filter>Source Files\Graphics\Texture\TextureLoaders</Filter>
    </ClCompile>
    <ClCompile Include="..\..\src\Graphics\Texture\TextureLoaders\TextureResourceLoader_TGA.cpp">
      <Filter>Source Files\Graphics\Texture\TextureLoaders</Filter>
    </ClCompile>
    <ClCompile Include="..\..\src\Graphics\Shader\FragmentShader.cpp">
      <Filter>Source Files\Graphics\Shader</Filter>
    </ClCompile>
    <ClCompile Include="..\..\src\Graphics\Shader\GeometryShader.cpp">
      <Filter>Source Files\Graphics\Shader</Filter>
    </ClCompile>
    <ClCompile Include="..\..\src\Graphics\Shader\VertexShader.cpp">
      <Filter>Source Files\Graphics\Shader</Filter>
    </ClCompile>
    <ClCompile Include="..\..\src\Graphics\Mesh\Mesh.cpp">
      <Filter>Source Files\Graphics\Mesh</Filter>
    </ClCompile>
    <ClCompile Include="..\..\src\Graphics\Mesh\IndexBuffer.cpp">
      <Filter>Source Files\Graphics\Mesh</Filter>
    </ClCompile>
    <ClCompile Include="..\..\src\Graphics\Mesh\VertexBuffer.cpp">
      <Filter>Source Files\Graphics\Mesh</Filter>
    </ClCompile>
    <ClCompile Include="..\..\src\Math\Color.cpp">
      <Filter>Source Files\Math</Filter>
    </ClCompile>
    <ClCompile Include="..\..\src\Graphics\Texture\RenderTexture.cpp">
      <Filter>Source Files\Graphics\Texture</Filter>
    </ClCompile>
    <ClCompile Include="..\..\src\Graphics\Texture\DepthTexture.cpp">
      <Filter>Source Files\Graphics\Texture</Filter>
    </ClCompile>
    <ClCompile Include="..\..\src\Graphics\GraphicsDriver.cpp">
      <Filter>Source Files\Graphics</Filter>
    </ClCompile>
    <ClCompile Include="..\..\src\Graphics\Shader\Shader.cpp">
      <Filter>Source Files\Graphics\Shader</Filter>
    </ClCompile>
    <ClCompile Include="..\..\src\Graphics\Shader\ShaderProgram.cpp">
      <Filter>Source Files\Graphics\Shader</Filter>
    </ClCompile>
    <ClCompile Include="..\..\src\Graphics\Shader\PostTessellationShader.cpp">
      <Filter>Source Files\Graphics\Shader</Filter>
    </ClCompile>
    <ClCompile Include="..\..\src\Graphics\Shader\PreTessellationShader.cpp">
      <Filter>Source Files\Graphics\Shader</Filter>
    </ClCompile>
    <ClCompile Include="..\..\src\Graphics\Shader\Uniform\Uniform.cpp">
      <Filter>Source Files\Graphics\Shader\Uniform</Filter>
    </ClCompile>
    <ClCompile Include="..\..\src\Graphics\Shader\Uniform\UniformBuffer.cpp">
      <Filter>Source Files\Graphics\Shader\Uniform</Filter>
    </ClCompile>
    <ClCompile Include="..\..\src\Scene\Camera\Camera.cpp">
      <Filter>Source Files\Scene\Camera</Filter>
    </ClCompile>
    <ClCompile Include="..\..\src\Scene\Camera\CameraManager.cpp">
      <Filter>Source Files\Scene\Camera</Filter>
    </ClCompile>
    <ClCompile Include="..\..\src\Scene\ARenderable.cpp">
      <Filter>Source Files\Scene\Renderable</Filter>
    </ClCompile>
  </ItemGroup>
  <ItemGroup>
    <ClInclude Include="..\..\include\Object.hpp">
      <Filter>Header Files</Filter>
    </ClInclude>
    <ClInclude Include="..\..\include\Renderer\RenderContext.hpp">
      <Filter>Header Files\Renderer</Filter>
    </ClInclude>
    <ClInclude Include="..\..\include\Renderer\Window\WindowDisplay.hpp">
      <Filter>Header Files\Renderer\Window</Filter>
    </ClInclude>
    <ClInclude Include="..\..\include\Renderer\Window\WindowWin32.hpp">
      <Filter>Header Files\Renderer\Window</Filter>
    </ClInclude>
    <ClInclude Include="..\..\include\Renderer\Window\WindowManager.hpp">
      <Filter>Header Files\Renderer\Window</Filter>
    </ClInclude>
    <ClInclude Include="..\..\include\Common.hpp">
      <Filter>Header Files</Filter>
    </ClInclude>
    <ClInclude Include="..\..\include\Logger\Logger.hpp">
      <Filter>Header Files\Logger</Filter>
    </ClInclude>
    <ClInclude Include="..\..\include\Logger\ConsoleLoggerListener.hpp">
      <Filter>Header Files\Logger</Filter>
    </ClInclude>
    <ClInclude Include="..\..\include\Logger\ILoggerListener.hpp">
      <Filter>Header Files\Logger</Filter>
    </ClInclude>
    <ClInclude Include="..\..\include\Logger\LoggerChannels.hpp">
      <Filter>Header Files\Logger</Filter>
    </ClInclude>
    <ClInclude Include="..\..\include\Logger\VSConsoleLoggerListener.hpp">
      <Filter>Header Files\Logger</Filter>
    </ClInclude>
    <ClInclude Include="..\..\include\Time\Clock.hpp">
      <Filter>Header Files\Time</Filter>
    </ClInclude>
    <ClInclude Include="..\..\include\Time\Timer.hpp">
      <Filter>Header Files\Time</Filter>
    </ClInclude>
    <ClInclude Include="..\..\include\Time\DateTime.hpp">
      <Filter>Header Files\Time</Filter>
    </ClInclude>
    <ClInclude Include="..\..\include\OcularEngine.hpp">
      <Filter>Header Files</Filter>
    </ClInclude>
    <ClInclude Include="..\..\include\Events\EventManager.hpp">
      <Filter>Header Files\Event</Filter>
    </ClInclude>
    <ClInclude Include="..\..\include\Events\AEvent.hpp">
      <Filter>Header Files\Event</Filter>
    </ClInclude>
    <ClInclude Include="..\..\include\Utilities\Structures\CircularQueue.hpp">
      <Filter>Header Files\Utilities\Structures</Filter>
    </ClInclude>
    <ClInclude Include="..\..\include\Utilities\Structures\PriorityMultiQueue.hpp">
      <Filter>Header Files\Utilities\Structures</Filter>
    </ClInclude>
    <ClInclude Include="..\..\include\Utilities\Structures\PriorityList.hpp">
      <Filter>Header Files\Utilities\Structures</Filter>
    </ClInclude>
    <ClInclude Include="..\..\include\Events\Events\ShutdownEvent.hpp">
      <Filter>Header Files\Event\Events</Filter>
    </ClInclude>
    <ClInclude Include="..\..\include\Events\AEventListener.hpp">
      <Filter>Header Files\Event</Filter>
    </ClInclude>
    <ClInclude Include="..\..\include\FileIO\File.hpp">
      <Filter>Header Files\FileIO</Filter>
    </ClInclude>
    <ClInclude Include="..\..\include\FileIO\Directory.hpp">
      <Filter>Header Files\FileIO</Filter>
    </ClInclude>
    <ClInclude Include="..\..\include\Math\Matrix4x4.hpp">
      <Filter>Header Files\Math</Filter>
    </ClInclude>
    <ClInclude Include="..\..\include\Math\Matrix3x3.hpp">
      <Filter>Header Files\Math</Filter>
    </ClInclude>
    <ClInclude Include="..\..\include\Math\Vector3.hpp">
      <Filter>Header Files\Math</Filter>
    </ClInclude>
    <ClInclude Include="..\..\include\Math\Vector4.hpp">
      <Filter>Header Files\Math</Filter>
    </ClInclude>
    <ClInclude Include="..\..\include\Math\Vector2.hpp">
      <Filter>Header Files\Math</Filter>
    </ClInclude>
    <ClInclude Include="..\..\include\Math\Equality.hpp">
      <Filter>Header Files\Math</Filter>
    </ClInclude>
    <ClInclude Include="..\..\include\Math\MathCommon.hpp">
      <Filter>Header Files\Math</Filter>
    </ClInclude>
    <ClInclude Include="..\..\include\Math\MatrixStack.hpp">
      <Filter>Header Files\Math</Filter>
    </ClInclude>
    <ClInclude Include="..\..\include\Events\Events\WindowResizeEvent.hpp">
      <Filter>Header Files\Event\Events</Filter>
    </ClInclude>
    <ClInclude Include="..\..\include\Events\EventSnooper.hpp">
      <Filter>Header Files\Event</Filter>
    </ClInclude>
    <ClInclude Include="..\..\include\Renderer\Window\WindowDescriptor.hpp">
      <Filter>Header Files\Renderer\Window</Filter>
    </ClInclude>
    <ClInclude Include="..\..\include\Renderer\Window\Window.hpp">
      <Filter>Header Files\Renderer\Window</Filter>
    </ClInclude>
    <ClInclude Include="..\..\include\Resources\Resource.hpp">
      <Filter>Header Files\Resources</Filter>
    </ClInclude>
    <ClInclude Include="..\..\include\Resources\ResourceExplorer.hpp">
      <Filter>Header Files\Resources</Filter>
    </ClInclude>
    <ClInclude Include="..\..\include\Exceptions\Exception.hpp">
      <Filter>Header Files\Exceptions</Filter>
    </ClInclude>
    <ClInclude Include="..\..\include\Exceptions\FileReadWriteException.hpp">
      <Filter>Header Files\Exceptions</Filter>
    </ClInclude>
    <ClInclude Include="..\..\include\Utilities\StringComposer.hpp">
      <Filter>Header Files\Utilities</Filter>
    </ClInclude>
    <ClInclude Include="..\..\include\Resources\ResourceManager.hpp">
      <Filter>Header Files\Resources</Filter>
    </ClInclude>
    <ClInclude Include="..\..\include\Resources\ResourceMemoryDetails.hpp">
      <Filter>Header Files\Resources</Filter>
    </ClInclude>
    <ClInclude Include="..\..\include\Resources\ResourcePriorityBehaviour.hpp">
      <Filter>Header Files\Resources</Filter>
    </ClInclude>
    <ClInclude Include="..\..\include\Resources\ResourceLoader.hpp">
      <Filter>Header Files\Resources</Filter>
    </ClInclude>
    <ClInclude Include="..\..\include\Resources\ResourceLoaderRegistrar.hpp">
      <Filter>Header Files\Resources</Filter>
    </ClInclude>
    <ClInclude Include="..\..\include\Resources\ResourceLoaderManager.hpp">
      <Filter>Header Files\Resources</Filter>
    </ClInclude>
    <ClInclude Include="..\..\include\Resources\ResourceType.hpp">
      <Filter>Header Files\Resources</Filter>
    </ClInclude>
    <ClInclude Include="..\..\include\Resources\ResourceDetails.hpp">
      <Filter>Header Files\Resources</Filter>
    </ClInclude>
    <ClInclude Include="..\..\include\Resources\ResourceSaver.hpp">
      <Filter>Header Files\Resources</Filter>
    </ClInclude>
    <ClInclude Include="..\..\include\Resources\ResourceSaverManager.hpp">
      <Filter>Header Files\Resources</Filter>
    </ClInclude>
    <ClInclude Include="..\..\include\Resources\ResourceSaverRegistrar.hpp">
      <Filter>Header Files\Resources</Filter>
    </ClInclude>
    <ClInclude Include="..\..\include\SystemInfo.hpp">
      <Filter>Header Files</Filter>
    </ClInclude>
    <ClInclude Include="..\..\include\Utilities\BitOps.hpp">
      <Filter>Header Files\Utilities</Filter>
    </ClInclude>
    <ClInclude Include="..\..\include\Utilities\StringOps.hpp">
      <Filter>Header Files\Utilities</Filter>
    </ClInclude>
    <ClInclude Include="..\..\include\Utilities\EndianOps.hpp">
      <Filter>Header Files\Utilities</Filter>
    </ClInclude>
    <ClInclude Include="..\..\include\Math\Euler.hpp">
      <Filter>Header Files\Math</Filter>
    </ClInclude>
    <ClInclude Include="..\..\include\Math\Quaternion.hpp">
      <Filter>Header Files\Math</Filter>
    </ClInclude>
    <ClInclude Include="..\..\include\Math\Random\Random.hpp">
      <Filter>Header Files\Math\Random</Filter>
    </ClInclude>
    <ClInclude Include="..\..\include\Math\Noise\ANoise.hpp">
      <Filter>Header Files\Math\Noise</Filter>
    </ClInclude>
    <ClInclude Include="..\..\include\Math\Noise\SimplexNoise.hpp">
      <Filter>Header Files\Math\Noise</Filter>
    </ClInclude>
    <ClInclude Include="..\..\include\Math\Noise\PerlinNoise.hpp">
      <Filter>Header Files\Math\Noise</Filter>
    </ClInclude>
    <ClInclude Include="..\..\include\Math\Noise\WaveletNoise.hpp">
      <Filter>Header Files\Math\Noise</Filter>
    </ClInclude>
    <ClInclude Include="..\..\include\Math\Random\ARandom.hpp">
      <Filter>Header Files\Math\Random\PRNGs</Filter>
    </ClInclude>
    <ClInclude Include="..\..\include\Math\Random\CMWC.hpp">
      <Filter>Header Files\Math\Random\PRNGs</Filter>
    </ClInclude>
    <ClInclude Include="..\..\include\Math\Random\MersenneTwister127.hpp">
      <Filter>Header Files\Math\Random\PRNGs</Filter>
    </ClInclude>
    <ClInclude Include="..\..\include\Math\Random\MersenneTwister19937.hpp">
      <Filter>Header Files\Math\Random\PRNGs</Filter>
    </ClInclude>
    <ClInclude Include="..\..\include\Math\Random\WELL.hpp">
      <Filter>Header Files\Math\Random\PRNGs</Filter>
    </ClInclude>
    <ClInclude Include="..\..\include\Math\Random\XorShift.hpp">
      <Filter>Header Files\Math\Random\PRNGs</Filter>
    </ClInclude>
    <ClInclude Include="..\..\include\Math\Interpolation.hpp">
      <Filter>Header Files\Math</Filter>
    </ClInclude>
    <ClInclude Include="..\..\include\Math\Definitions.hpp">
      <Filter>Header Files\Math</Filter>
    </ClInclude>
    <ClInclude Include="..\..\include\Utilities\HashGenerator.hpp">
      <Filter>Header Files\Utilities</Filter>
    </ClInclude>
    <ClInclude Include="..\..\include\UUID.hpp">
      <Filter>Header Files</Filter>
    </ClInclude>
    <ClInclude Include="..\..\include\Math\Noise\WorleyNoise.hpp">
      <Filter>Header Files\Math\Noise</Filter>
    </ClInclude>
    <ClInclude Include="..\..\include\Math\Transform.hpp">
      <Filter>Header Files\Math</Filter>
    </ClInclude>
    <ClInclude Include="..\..\include\Scene\SceneNode.hpp">
      <Filter>Header Files\Scene</Filter>
    </ClInclude>
    <ClInclude Include="..\..\include\Scene\SceneObject.hpp">
      <Filter>Header Files\Scene</Filter>
    </ClInclude>
    <ClInclude Include="..\..\include\Scene\Scene.hpp">
      <Filter>Header Files\Scene</Filter>
    </ClInclude>
    <ClInclude Include="..\..\include\Scene\SceneManager.hpp">
      <Filter>Header Files\Scene</Filter>
    </ClInclude>
    <ClInclude Include="..\..\include\Priority.hpp">
      <Filter>Header Files</Filter>
    </ClInclude>
    <ClInclude Include="..\..\include\Math\Bounds\BoundsAABB.hpp">
      <Filter>Header Files\Math\Bounds</Filter>
    </ClInclude>
    <ClInclude Include="..\..\include\Math\Bounds\BoundsOBB.hpp">
      <Filter>Header Files\Math\Bounds</Filter>
    </ClInclude>
    <ClInclude Include="..\..\include\Math\Bounds\BoundsSphere.hpp">
      <Filter>Header Files\Math\Bounds</Filter>
    </ClInclude>
    <ClInclude Include="..\..\include\Math\Bounds\Ray.hpp">
      <Filter>Header Files\Math\Bounds</Filter>
    </ClInclude>
    <ClInclude Include="..\..\include\Math\Geometry\Frustum.hpp">
      <Filter>Header Files\Math\Geometry</Filter>
    </ClInclude>
    <ClInclude Include="..\..\include\Math\Geometry\LineSegment2D.hpp">
      <Filter>Header Files\Math\Geometry</Filter>
    </ClInclude>
    <ClInclude Include="..\..\include\Math\Geometry\Polygon2D.hpp">
      <Filter>Header Files\Math\Geometry</Filter>
    </ClInclude>
    <ClInclude Include="..\..\include\Math\Geometry\ConvexHull2D.hpp">
      <Filter>Header Files\Math\Geometry</Filter>
    </ClInclude>
    <ClInclude Include="..\..\include\Math\Geometry\HalfEdge\HalfEdgeStructs.hpp">
      <Filter>Header Files\Math\Geometry\HalfEdge</Filter>
    </ClInclude>
    <ClInclude Include="..\..\include\Math\Geometry\Vertex.hpp">
      <Filter>Header Files\Math\Geometry</Filter>
    </ClInclude>
    <ClInclude Include="..\..\include\Math\Geometry\HalfEdge\HalfEdgeMesh.hpp">
      <Filter>Header Files\Math\Geometry\HalfEdge</Filter>
    </ClInclude>
    <ClInclude Include="..\..\include\Math\Geometry\Plane.hpp">
      <Filter>Header Files\Math\Geometry</Filter>
    </ClInclude>
    <ClInclude Include="..\..\include\Scene\ISceneTree.hpp">
      <Filter>Header Files\Scene</Filter>
    </ClInclude>
    <ClInclude Include="..\..\include\Math\MortonCode.hpp">
      <Filter>Header Files\Math</Filter>
    </ClInclude>
    <ClInclude Include="..\..\include\Scene\BVHSceneNode.hpp">
      <Filter>Header Files\Scene\BVHTree</Filter>
    </ClInclude>
    <ClInclude Include="..\..\include\Scene\BVHSceneTree.hpp">
      <Filter>Header Files\Scene\BVHTree</Filter>
    </ClInclude>
    <ClInclude Include="..\..\include\Performance\Profiler.hpp">
      <Filter>Header Files\Performance</Filter>
    </ClInclude>
    <ClInclude Include="..\..\include\Performance\ProfilerNode.hpp">
      <Filter>Header Files\Performance</Filter>
    </ClInclude>
    <ClInclude Include="..\..\include\Performance\ProfilerScope.hpp">
      <Filter>Header Files\Performance</Filter>
    </ClInclude>
    <ClInclude Include="..\..\include\Scene\SceneTreeType.hpp">
      <Filter>Header Files\Scene</Filter>
    </ClInclude>
    <ClInclude Include="..\..\include\Scene\ARenderable.hpp">
      <Filter>Header Files\Scene\Renderable</Filter>
    </ClInclude>
    <ClInclude Include="..\..\include\Scene\ARoutine.hpp">
      <Filter>Header Files\Scene\Routine</Filter>
    </ClInclude>
    <ClInclude Include="..\..\include\Scene\RoutineFactory.hpp">
      <Filter>Header Files\Scene\Routine</Filter>
    </ClInclude>
    <ClInclude Include="..\..\include\Input\InputHandler.hpp">
      <Filter>Header Files\Input</Filter>
    </ClInclude>
    <ClInclude Include="..\..\include\Input\Keys.hpp">
      <Filter>Header Files\Input</Filter>
    </ClInclude>
    <ClInclude Include="..\..\include\Events\Events\KeyboardInputEvent.hpp">
      <Filter>Header Files\Event\Events</Filter>
    </ClInclude>
    <ClInclude Include="..\..\include\Events\Events\MouseButtonInputEvent.hpp">
      <Filter>Header Files\Event\Events</Filter>
    </ClInclude>
    <ClInclude Include="..\..\include\Events\Events\MouseMoveInputEvent.hpp">
      <Filter>Header Files\Event\Events</Filter>
    </ClInclude>
    <ClInclude Include="..\..\include\Scene\RoutineRegistrar.hpp">
      <Filter>Header Files\Scene\Routine</Filter>
    </ClInclude>
    <ClInclude Include="..\..\include\Events\Events\MouseScrollInputEvent.hpp">
      <Filter>Header Files\Event\Events</Filter>
    </ClInclude>
    <ClInclude Include="..\..\include\Graphics\Material\Material.hpp">
      <Filter>Header Files\Graphics\Material</Filter>
    </ClInclude>
    <ClInclude Include="..\..\include\Graphics\Texture\NoiseTexture2D.hpp">
      <Filter>Header Files\Graphics\Texture</Filter>
    </ClInclude>
    <ClInclude Include="..\..\include\Graphics\Texture\Texture.hpp">
      <Filter>Header Files\Graphics\Texture</Filter>
    </ClInclude>
    <ClInclude Include="..\..\include\Graphics\Texture\Texture2D.hpp">
      <Filter>Header Files\Graphics\Texture</Filter>
    </ClInclude>
    <ClInclude Include="..\..\include\Graphics\Texture\TextureEnums.hpp">
      <Filter>Header Files\Graphics\Texture</Filter>
    </ClInclude>
    <ClInclude Include="..\..\include\Graphics\Texture\TextureSavers\TextureResourceSaver.hpp">
      <Filter>Header Files\Graphics\Texture\TextureSavers</Filter>
    </ClInclude>
    <ClInclude Include="..\..\include\Graphics\Texture\TextureSavers\TextureResourceSaver_BMP.hpp">
      <Filter>Header Files\Graphics\Texture\TextureSavers</Filter>
    </ClInclude>
    <ClInclude Include="..\..\include\Graphics\Texture\TextureSavers\TextureResourceSaver_PNG.hpp">
      <Filter>Header Files\Graphics\Texture\TextureSavers</Filter>
    </ClInclude>
    <ClInclude Include="..\..\include\Graphics\Texture\TextureLoaders\TextureResourceLoader.hpp">
      <Filter>Header Files\Graphics\Texture\TextureLoaders</Filter>
    </ClInclude>
    <ClInclude Include="..\..\include\Graphics\Texture\TextureLoaders\TextureResourceLoader_BMP.hpp">
      <Filter>Header Files\Graphics\Texture\TextureLoaders</Filter>
    </ClInclude>
    <ClInclude Include="..\..\include\Graphics\Texture\TextureLoaders\TextureResourceLoader_PNG.hpp">
      <Filter>Header Files\Graphics\Texture\TextureLoaders</Filter>
    </ClInclude>
    <ClInclude Include="..\..\include\Graphics\Texture\TextureLoaders\TextureResourceLoader_TGA.hpp">
      <Filter>Header Files\Graphics\Texture\TextureLoaders</Filter>
    </ClInclude>
    <ClInclude Include="..\..\include\Graphics\Shader\FragmentShader.hpp">
      <Filter>Header Files\Graphics\Shader</Filter>
    </ClInclude>
    <ClInclude Include="..\..\include\Graphics\Shader\GeometryShader.hpp">
      <Filter>Header Files\Graphics\Shader</Filter>
    </ClInclude>
    <ClInclude Include="..\..\include\Graphics\Shader\Shader.hpp">
      <Filter>Header Files\Graphics\Shader</Filter>
    </ClInclude>
    <ClInclude Include="..\..\include\Graphics\Shader\VertexShader.hpp">
      <Filter>Header Files\Graphics\Shader</Filter>
    </ClInclude>
    <ClInclude Include="..\..\include\Graphics\Material\RenderPosition.hpp">
      <Filter>Header Files\Graphics\Material</Filter>
    </ClInclude>
    <ClInclude Include="..\..\include\Graphics\Material\RenderType.hpp">
      <Filter>Header Files\Graphics\Material</Filter>
    </ClInclude>
    <ClInclude Include="..\..\include\Graphics\Mesh\Mesh.hpp">
      <Filter>Header Files\Graphics\Mesh</Filter>
    </ClInclude>
    <ClInclude Include="..\..\include\Graphics\Mesh\IndexBuffer.hpp">
      <Filter>Header Files\Graphics\Mesh</Filter>
    </ClInclude>
    <ClInclude Include="..\..\include\Graphics\Mesh\VertexBuffer.hpp">
      <Filter>Header Files\Graphics\Mesh</Filter>
    </ClInclude>
    <ClInclude Include="..\..\include\Graphics\GraphicsDriver.hpp">
      <Filter>Header Files\Graphics</Filter>
    </ClInclude>
    <ClInclude Include="..\..\include\Graphics\Mesh\Vertex.hpp">
      <Filter>Header Files\Graphics\Mesh</Filter>
    </ClInclude>
    <ClInclude Include="..\..\include\Math\Color.hpp">
      <Filter>Header Files\Math</Filter>
    </ClInclude>
    <ClInclude Include="..\..\include\Graphics\Texture\RenderTexture.hpp">
      <Filter>Header Files\Graphics\Texture</Filter>
    </ClInclude>
    <ClInclude Include="..\..\include\Graphics\Texture\TextureDescriptor.hpp">
      <Filter>Header Files\Graphics\Texture</Filter>
    </ClInclude>
    <ClInclude Include="..\..\include\Graphics\Texture\DepthTexture.hpp">
      <Filter>Header Files\Graphics\Texture</Filter>
    </ClInclude>
    <ClInclude Include="..\..\include\Graphics\Shader\ShaderProgram.hpp">
      <Filter>Header Files\Graphics\Shader</Filter>
    </ClInclude>
    <ClInclude Include="..\..\include\Graphics\Shader\PostTessellationShader.hpp">
      <Filter>Header Files\Graphics\Shader</Filter>
    </ClInclude>
    <ClInclude Include="..\..\include\Graphics\Shader\PreTessellationShader.hpp">
      <Filter>Header Files\Graphics\Shader</Filter>
    </ClInclude>
    <ClInclude Include="..\..\include\Graphics\Shader\Uniform\Uniform.hpp">
      <Filter>Header Files\Graphics\Shader\Uniform</Filter>
    </ClInclude>
    <ClInclude Include="..\..\include\Graphics\Shader\Uniform\UniformBuffer.hpp">
      <Filter>Header Files\Graphics\Shader\Uniform</Filter>
    </ClInclude>
    <ClInclude Include="..\..\include\Graphics\Shader\Uniform\UniformsPerFrame.hpp">
      <Filter>Header Files\Graphics\Shader\Uniform</Filter>
    </ClInclude>
    <ClInclude Include="..\..\include\Scene\Camera\Camera.hpp">
      <Filter>Header Files\Scene\Camera</Filter>
    </ClInclude>
    <ClInclude Include="..\..\include\Scene\Camera\CameraManager.hpp">
      <Filter>Header Files\Scene\Camera</Filter>
    </ClInclude>
    <ClInclude Include="..\..\include\Graphics\Shader\Uniform\UniformPerCamera.hpp">
      <Filter>Header Files\Graphics\Shader\Uniform</Filter>
    </ClInclude>
    <ClInclude Include="..\..\include\Graphics\Shader\Uniform\UniformPerObject.hpp">
      <Filter>Header Files\Graphics\Shader\Uniform</Filter>
    </ClInclude>
  </ItemGroup>
</Project>