<?xml version="1.0" encoding="utf-8"?>
<Project ToolsVersion="4.0" xmlns="http://schemas.microsoft.com/developer/msbuild/2003">
  <ItemGroup>
    <Filter Include="Source Files">
      <UniqueIdentifier>{4FC737F1-C7A5-4376-A066-2A32D752A2FF}</UniqueIdentifier>
      <Extensions>cpp;c;cc;cxx;def;odl;idl;hpj;bat;asm;asmx</Extensions>
    </Filter>
    <Filter Include="Header Files">
      <UniqueIdentifier>{93995380-89BD-4b04-88EB-625FBE52EBFB}</UniqueIdentifier>
      <Extensions>h;hh;hpp;hxx;hm;inl;inc;xsd</Extensions>
    </Filter>
    <Filter Include="Resource Files">
      <UniqueIdentifier>{67DA6AB6-F800-4c08-8B7A-83BB121AAD01}</UniqueIdentifier>
      <Extensions>rc;ico;cur;bmp;dlg;rc2;rct;bin;rgs;gif;jpg;jpeg;jpe;resx;tiff;tif;png;wav;mfcribbon-ms</Extensions>
    </Filter>
    <Filter Include="Header Files\Renderer">
      <UniqueIdentifier>{f96297cf-80e6-441a-8a4a-a30c951b83d2}</UniqueIdentifier>
    </Filter>
    <Filter Include="Source Files\Renderer">
      <UniqueIdentifier>{b28535f7-c6f5-4991-a685-c2a4bcf27e00}</UniqueIdentifier>
    </Filter>
    <Filter Include="Header Files\Renderer\Window">
      <UniqueIdentifier>{2b6a91a6-9a76-49ff-918d-ce3f634d38f4}</UniqueIdentifier>
    </Filter>
    <Filter Include="Source Files\Renderer\Window">
      <UniqueIdentifier>{3756d94b-8434-4a1e-9b45-e10c2afd20bc}</UniqueIdentifier>
    </Filter>
    <Filter Include="Header Files\Logger">
      <UniqueIdentifier>{e4753f81-8d23-4589-af5f-625a95f3897e}</UniqueIdentifier>
    </Filter>
    <Filter Include="Source Files\Logger">
      <UniqueIdentifier>{2aa84a8e-1207-4df5-8521-dfc52f031b6c}</UniqueIdentifier>
    </Filter>
    <Filter Include="Header Files\Time">
      <UniqueIdentifier>{5754af8d-59e3-4729-98a8-7062322c80fb}</UniqueIdentifier>
    </Filter>
    <Filter Include="Source Files\Time">
      <UniqueIdentifier>{9b2f2705-e11c-4874-9760-38f699c8b8a9}</UniqueIdentifier>
    </Filter>
    <Filter Include="Header Files\Events">
      <UniqueIdentifier>{89c21572-12eb-4192-81cc-94e441b211fe}</UniqueIdentifier>
    </Filter>
    <Filter Include="Source Files\Events">
      <UniqueIdentifier>{62f997aa-740e-450b-8415-51f209ccb7fb}</UniqueIdentifier>
    </Filter>
    <Filter Include="Header Files\Utilities">
      <UniqueIdentifier>{159faa2a-0c9c-47e8-9f61-2caabc5dfcec}</UniqueIdentifier>
    </Filter>
    <Filter Include="Header Files\Utilities\Structures">
      <UniqueIdentifier>{5ea357d2-4f49-4519-b211-c216cc5465ba}</UniqueIdentifier>
    </Filter>
    <Filter Include="Source Files\Utilities">
      <UniqueIdentifier>{f2fc9227-01ae-4212-899c-57ad64a8ac35}</UniqueIdentifier>
    </Filter>
    <Filter Include="Source Files\Utilities\Structures">
      <UniqueIdentifier>{ab050594-0fb7-4be2-bdf8-b624b45ec16c}</UniqueIdentifier>
    </Filter>
    <Filter Include="Source Files\Events\Events">
      <UniqueIdentifier>{8983c53a-50e4-447f-b90d-926aa6e09d4d}</UniqueIdentifier>
    </Filter>
    <Filter Include="Header Files\Events\Events">
      <UniqueIdentifier>{5010c83c-4655-4c4e-aeaf-51c4083d8820}</UniqueIdentifier>
    </Filter>
    <Filter Include="Header Files\FileIO">
      <UniqueIdentifier>{8842a039-9519-4f8e-9ceb-67fd6a79be74}</UniqueIdentifier>
    </Filter>
    <Filter Include="Source Files\FileIO">
      <UniqueIdentifier>{9bdc7774-0178-4d2a-887c-6fa349450941}</UniqueIdentifier>
    </Filter>
    <Filter Include="Header Files\Math">
      <UniqueIdentifier>{ba9e7be8-770b-4b77-8062-52624bb472d0}</UniqueIdentifier>
    </Filter>
    <Filter Include="Header Files\Math\Random">
      <UniqueIdentifier>{d4dab190-5a4e-42d1-83b5-50137800f319}</UniqueIdentifier>
    </Filter>
    <Filter Include="Header Files\Math\Noise">
      <UniqueIdentifier>{8f497808-7f1a-4597-aae3-e590dffe5152}</UniqueIdentifier>
    </Filter>
    <Filter Include="Source Files\Math">
      <UniqueIdentifier>{9a41756c-f1d1-4e65-9231-d1eddf7ab80b}</UniqueIdentifier>
    </Filter>
    <Filter Include="Source Files\Math\Random">
      <UniqueIdentifier>{b514aff3-181c-43a4-b6f7-a203a9194baf}</UniqueIdentifier>
    </Filter>
    <Filter Include="Source Files\Math\Noise">
      <UniqueIdentifier>{0700b793-bd23-4cae-b8ff-154ea58e742b}</UniqueIdentifier>
    </Filter>
    <Filter Include="Header Files\Resources">
      <UniqueIdentifier>{3a09d826-ddb8-41e1-abf6-346dc00f0c8e}</UniqueIdentifier>
    </Filter>
    <Filter Include="Source Files\Resources">
      <UniqueIdentifier>{7a8d8719-8bfd-4a7b-a62e-cc38e17e068e}</UniqueIdentifier>
    </Filter>
    <Filter Include="Header Files\Exceptions">
      <UniqueIdentifier>{a8aa3a6c-53f1-41dc-9fd2-c8bc0e5a09c5}</UniqueIdentifier>
    </Filter>
    <Filter Include="Header Files\Math\Random\PRNGs">
      <UniqueIdentifier>{94c32425-2c85-47d1-9039-4d4c0aae0292}</UniqueIdentifier>
    </Filter>
    <Filter Include="Header Files\Math\Random\Samplers">
      <UniqueIdentifier>{021b1230-4858-45b3-b3e3-6489617c0d57}</UniqueIdentifier>
    </Filter>
    <Filter Include="Source Files\Math\Random\PRNGs">
      <UniqueIdentifier>{e3f06e05-fc28-49f4-84cb-a2944d91c6fb}</UniqueIdentifier>
    </Filter>
    <Filter Include="Source Files\Math\Random\Samplers">
      <UniqueIdentifier>{9391fc9c-5042-43d3-a9f1-25d92c967789}</UniqueIdentifier>
    </Filter>
  </ItemGroup>
  <ItemGroup>
    <ClCompile Include="..\..\src\Object.cpp">
      <Filter>Source Files</Filter>
    </ClCompile>
    <ClCompile Include="..\..\src\Renderer\Window\Window.cpp">
      <Filter>Source Files\Renderer\Window</Filter>
    </ClCompile>
    <ClCompile Include="..\..\src\Renderer\Window\WindowWin32.cpp">
      <Filter>Source Files\Renderer\Window</Filter>
    </ClCompile>
    <ClCompile Include="..\..\src\Renderer\Window\WindowManager.cpp">
      <Filter>Source Files\Renderer\Window</Filter>
    </ClCompile>
    <ClCompile Include="..\..\src\Logger\Logger.cpp">
      <Filter>Source Files\Logger</Filter>
    </ClCompile>
    <ClCompile Include="..\..\src\Logger\ConsoleLoggerListener.cpp">
      <Filter>Source Files\Logger</Filter>
    </ClCompile>
    <ClCompile Include="..\..\src\Logger\VSConsoleLoggerListener.cpp">
      <Filter>Source Files\Logger</Filter>
    </ClCompile>
    <ClCompile Include="..\..\src\Time\Clock.cpp">
      <Filter>Source Files\Time</Filter>
    </ClCompile>
    <ClCompile Include="..\..\src\Time\Timer.cpp">
      <Filter>Source Files\Time</Filter>
    </ClCompile>
    <ClCompile Include="..\..\src\Time\DateTime.cpp">
      <Filter>Source Files\Time</Filter>
    </ClCompile>
    <ClCompile Include="..\..\src\OcularEngine.cpp">
      <Filter>Source Files</Filter>
    </ClCompile>
    <ClCompile Include="..\..\src\Events\AEvent.cpp">
      <Filter>Source Files\Events</Filter>
    </ClCompile>
    <ClCompile Include="..\..\src\Utilities\UIDGenerator.cpp">
      <Filter>Source Files\Utilities</Filter>
    </ClCompile>
    <ClCompile Include="..\..\src\Events\EventManager.cpp">
      <Filter>Source Files\Events</Filter>
    </ClCompile>
    <ClCompile Include="..\..\src\Events\Events\ShutdownEvent.cpp">
      <Filter>Source Files\Events\Events</Filter>
    </ClCompile>
    <ClCompile Include="..\..\src\FileIO\File.cpp">
      <Filter>Source Files\FileIO</Filter>
    </ClCompile>
    <ClCompile Include="..\..\src\FileIO\Directory.cpp">
      <Filter>Source Files\FileIO</Filter>
    </ClCompile>
    <ClCompile Include="..\..\src\Events\Events\WindowResizeEvent.cpp">
      <Filter>Source Files\Events\Events</Filter>
    </ClCompile>
    <ClCompile Include="..\..\src\Events\EventSnooper.cpp">
      <Filter>Source Files\Events</Filter>
    </ClCompile>
    <ClCompile Include="..\..\src\Resources\ResourceExplorer.cpp">
      <Filter>Source Files\Resources</Filter>
    </ClCompile>
    <ClCompile Include="..\..\src\Resources\ResourceManager.cpp">
      <Filter>Source Files\Resources</Filter>
    </ClCompile>
    <ClCompile Include="..\..\src\Resources\ResourceMemoryDetails.cpp">
      <Filter>Source Files\Resources</Filter>
    </ClCompile>
    <ClCompile Include="..\..\src\Resources\Resource.cpp">
      <Filter>Source Files\Resources</Filter>
    </ClCompile>
    <ClCompile Include="..\..\src\Resources\ResourceLoader.cpp">
      <Filter>Source Files\Resources</Filter>
    </ClCompile>
    <ClCompile Include="..\..\src\Resources\ResourceLoaderManager.cpp">
      <Filter>Source Files\Resources</Filter>
    </ClCompile>
    <ClCompile Include="..\..\src\Resources\ResourceDetails.cpp">
      <Filter>Source Files\Resources</Filter>
    </ClCompile>
    <ClCompile Include="..\..\src\Resources\ResourceSaverManager.cpp">
      <Filter>Source Files\Resources</Filter>
    </ClCompile>
    <ClCompile Include="..\..\src\Resources\ResourceSaver.cpp">
      <Filter>Source Files\Resources</Filter>
    </ClCompile>
    <ClCompile Include="..\..\src\SystemInfo.cpp">
      <Filter>Source Files</Filter>
    </ClCompile>
    <ClCompile Include="..\..\src\Utilities\EndianOps.cpp">
      <Filter>Source Files\Utilities</Filter>
    </ClCompile>
    <ClCompile Include="..\..\src\Utilities\StringOps.cpp">
      <Filter>Source Files\Utilities</Filter>
    </ClCompile>
    <ClCompile Include="..\..\src\Math\Euler.cpp">
      <Filter>Source Files\Math</Filter>
    </ClCompile>
    <ClCompile Include="..\..\src\Math\Quaternion.cpp">
      <Filter>Source Files\Math</Filter>
    </ClCompile>
    <ClCompile Include="..\..\src\Math\Random\Random.cpp">
      <Filter>Source Files\Math\Random</Filter>
    </ClCompile>
    <ClCompile Include="..\..\src\Math\Noise\ANoise.cpp">
      <Filter>Source Files\Math\Noise</Filter>
    </ClCompile>
    <ClCompile Include="..\..\src\Math\Noise\SimplexNoise.cpp">
      <Filter>Source Files\Math\Noise</Filter>
    </ClCompile>
    <ClCompile Include="..\..\src\Math\Noise\PerlinNoise.cpp">
      <Filter>Source Files\Math\Noise</Filter>
    </ClCompile>
    <ClCompile Include="..\..\src\Math\Noise\WaveletNoise.cpp">
      <Filter>Source Files\Math\Noise</Filter>
    </ClCompile>
    <ClCompile Include="..\..\src\Math\Random\ARandom.cpp">
      <Filter>Source Files\Math\Random\PRNGs</Filter>
    </ClCompile>
    <ClCompile Include="..\..\src\Math\Random\CMWC.cpp">
      <Filter>Source Files\Math\Random\PRNGs</Filter>
    </ClCompile>
    <ClCompile Include="..\..\src\Math\Random\MersenneTwister127.cpp">
      <Filter>Source Files\Math\Random\PRNGs</Filter>
    </ClCompile>
    <ClCompile Include="..\..\src\Math\Random\MersenneTwister19937.cpp">
      <Filter>Source Files\Math\Random\PRNGs</Filter>
    </ClCompile>
    <ClCompile Include="..\..\src\Math\Random\XorShift.cpp">
      <Filter>Source Files\Math\Random\PRNGs</Filter>
    </ClCompile>
    <ClCompile Include="..\..\src\Math\Random\WELL.cpp">
      <Filter>Source Files\Math\Random\PRNGs</Filter>
    </ClCompile>
    <ClCompile Include="..\..\src\Math\Random\ASampler.cpp">
      <Filter>Source Files\Math\Random\Samplers</Filter>
    </ClCompile>
    <ClCompile Include="..\..\src\Math\Random\BoxMullerSampler.cpp">
      <Filter>Source Files\Math\Random\Samplers</Filter>
    </ClCompile>
  </ItemGroup>
  <ItemGroup>
    <ClInclude Include="..\..\include\Object.hpp">
      <Filter>Header Files</Filter>
    </ClInclude>
    <ClInclude Include="..\..\include\Renderer\RenderContext.hpp">
      <Filter>Header Files\Renderer</Filter>
    </ClInclude>
    <ClInclude Include="..\..\include\Renderer\Window\WindowDisplay.hpp">
      <Filter>Header Files\Renderer\Window</Filter>
    </ClInclude>
    <ClInclude Include="..\..\include\Renderer\Window\WindowWin32.hpp">
      <Filter>Header Files\Renderer\Window</Filter>
    </ClInclude>
    <ClInclude Include="..\..\include\Renderer\Window\WindowManager.hpp">
      <Filter>Header Files\Renderer\Window</Filter>
    </ClInclude>
    <ClInclude Include="..\..\include\Common.hpp">
      <Filter>Header Files</Filter>
    </ClInclude>
    <ClInclude Include="..\..\include\Logger\Logger.hpp">
      <Filter>Header Files\Logger</Filter>
    </ClInclude>
    <ClInclude Include="..\..\include\Logger\ConsoleLoggerListener.hpp">
      <Filter>Header Files\Logger</Filter>
    </ClInclude>
    <ClInclude Include="..\..\include\Logger\ILoggerListener.hpp">
      <Filter>Header Files\Logger</Filter>
    </ClInclude>
    <ClInclude Include="..\..\include\Logger\LoggerChannels.hpp">
      <Filter>Header Files\Logger</Filter>
    </ClInclude>
    <ClInclude Include="..\..\include\Logger\VSConsoleLoggerListener.hpp">
      <Filter>Header Files\Logger</Filter>
    </ClInclude>
    <ClInclude Include="..\..\include\Time\Clock.hpp">
      <Filter>Header Files\Time</Filter>
    </ClInclude>
    <ClInclude Include="..\..\include\Time\Timer.hpp">
      <Filter>Header Files\Time</Filter>
    </ClInclude>
    <ClInclude Include="..\..\include\Time\DateTime.hpp">
      <Filter>Header Files\Time</Filter>
    </ClInclude>
    <ClInclude Include="..\..\include\OcularEngine.hpp">
      <Filter>Header Files</Filter>
    </ClInclude>
    <ClInclude Include="..\..\include\Events\EventManager.hpp">
      <Filter>Header Files\Events</Filter>
    </ClInclude>
    <ClInclude Include="..\..\include\Events\AEvent.hpp">
      <Filter>Header Files\Events</Filter>
    </ClInclude>
    <ClInclude Include="..\..\include\Utilities\Structures\CircularQueue.hpp">
      <Filter>Header Files\Utilities\Structures</Filter>
    </ClInclude>
    <ClInclude Include="..\..\include\Events\EventPriority.hpp">
      <Filter>Header Files\Events</Filter>
    </ClInclude>
    <ClInclude Include="..\..\include\Utilities\Structures\PriorityMultiQueue.hpp">
      <Filter>Header Files\Utilities\Structures</Filter>
    </ClInclude>
    <ClInclude Include="..\..\include\Utilities\UIDGenerator.hpp">
      <Filter>Header Files\Utilities</Filter>
    </ClInclude>
    <ClInclude Include="..\..\include\Utilities\Structures\PriorityList.hpp">
      <Filter>Header Files\Utilities\Structures</Filter>
    </ClInclude>
    <ClInclude Include="..\..\include\Events\Events\ShutdownEvent.hpp">
      <Filter>Header Files\Events\Events</Filter>
    </ClInclude>
    <ClInclude Include="..\..\include\Events\AEventListener.hpp">
      <Filter>Header Files\Events</Filter>
    </ClInclude>
    <ClInclude Include="..\..\include\FileIO\File.hpp">
      <Filter>Header Files\FileIO</Filter>
    </ClInclude>
    <ClInclude Include="..\..\include\FileIO\Directory.hpp">
      <Filter>Header Files\FileIO</Filter>
    </ClInclude>
    <ClInclude Include="..\..\include\Math\Matrix4x4.hpp">
      <Filter>Header Files\Math</Filter>
    </ClInclude>
    <ClInclude Include="..\..\include\Math\Matrix3x3.hpp">
      <Filter>Header Files\Math</Filter>
    </ClInclude>
    <ClInclude Include="..\..\include\Math\Vector3.hpp">
      <Filter>Header Files\Math</Filter>
    </ClInclude>
    <ClInclude Include="..\..\include\Math\Vector4.hpp">
      <Filter>Header Files\Math</Filter>
    </ClInclude>
    <ClInclude Include="..\..\include\Math\Vector2.hpp">
      <Filter>Header Files\Math</Filter>
    </ClInclude>
    <ClInclude Include="..\..\include\Math\Equality.hpp">
      <Filter>Header Files\Math</Filter>
    </ClInclude>
    <ClInclude Include="..\..\include\Math\MathCommon.hpp">
      <Filter>Header Files\Math</Filter>
    </ClInclude>
    <ClInclude Include="..\..\include\Math\MatrixStack.hpp">
      <Filter>Header Files\Math</Filter>
    </ClInclude>
    <ClInclude Include="..\..\include\Events\Events\WindowResizeEvent.hpp">
      <Filter>Header Files\Events\Events</Filter>
    </ClInclude>
    <ClInclude Include="..\..\include\Events\EventSnooper.hpp">
      <Filter>Header Files\Events</Filter>
    </ClInclude>
    <ClInclude Include="..\..\include\Renderer\Window\WindowDescriptor.hpp">
      <Filter>Header Files\Renderer\Window</Filter>
    </ClInclude>
    <ClInclude Include="..\..\include\Renderer\Window\Window.hpp">
      <Filter>Header Files\Renderer\Window</Filter>
    </ClInclude>
    <ClInclude Include="..\..\include\Resources\Resource.hpp">
      <Filter>Header Files\Resources</Filter>
    </ClInclude>
    <ClInclude Include="..\..\include\Resources\ResourceExplorer.hpp">
      <Filter>Header Files\Resources</Filter>
    </ClInclude>
    <ClInclude Include="..\..\include\Exceptions\Exception.hpp">
      <Filter>Header Files\Exceptions</Filter>
    </ClInclude>
    <ClInclude Include="..\..\include\Exceptions\FileReadWriteException.hpp">
      <Filter>Header Files\Exceptions</Filter>
    </ClInclude>
    <ClInclude Include="..\..\include\Utilities\StringComposer.hpp">
      <Filter>Header Files\Utilities</Filter>
    </ClInclude>
    <ClInclude Include="..\..\include\Resources\ResourceManager.hpp">
      <Filter>Header Files\Resources</Filter>
    </ClInclude>
    <ClInclude Include="..\..\include\Resources\ResourceMemoryDetails.hpp">
      <Filter>Header Files\Resources</Filter>
    </ClInclude>
    <ClInclude Include="..\..\include\Resources\ResourcePriorityBehaviour.hpp">
      <Filter>Header Files\Resources</Filter>
    </ClInclude>
    <ClInclude Include="..\..\include\Resources\ResourceLoader.hpp">
      <Filter>Header Files\Resources</Filter>
    </ClInclude>
    <ClInclude Include="..\..\include\Resources\ResourceLoaderRegistrar.hpp">
      <Filter>Header Files\Resources</Filter>
    </ClInclude>
    <ClInclude Include="..\..\include\Resources\ResourceLoaderManager.hpp">
      <Filter>Header Files\Resources</Filter>
    </ClInclude>
    <ClInclude Include="..\..\include\Resources\ResourceType.hpp">
      <Filter>Header Files\Resources</Filter>
    </ClInclude>
    <ClInclude Include="..\..\include\Resources\ResourceDetails.hpp">
      <Filter>Header Files\Resources</Filter>
    </ClInclude>
    <ClInclude Include="..\..\include\Resources\ResourceSaver.hpp">
      <Filter>Header Files\Resources</Filter>
    </ClInclude>
    <ClInclude Include="..\..\include\Resources\ResourceSaverManager.hpp">
      <Filter>Header Files\Resources</Filter>
    </ClInclude>
    <ClInclude Include="..\..\include\Resources\ResourceSaverRegistrar.hpp">
      <Filter>Header Files\Resources</Filter>
    </ClInclude>
    <ClInclude Include="..\..\include\SystemInfo.hpp">
      <Filter>Header Files</Filter>
    </ClInclude>
    <ClInclude Include="..\..\include\Utilities\BitOps.hpp">
      <Filter>Header Files\Utilities</Filter>
    </ClInclude>
    <ClInclude Include="..\..\include\Utilities\StringOps.hpp">
      <Filter>Header Files\Utilities</Filter>
    </ClInclude>
    <ClInclude Include="..\..\include\Utilities\EndianOps.hpp">
      <Filter>Header Files\Utilities</Filter>
    </ClInclude>
    <ClInclude Include="..\..\include\Math\Euler.hpp">
      <Filter>Header Files\Math</Filter>
    </ClInclude>
    <ClInclude Include="..\..\include\Math\Quaternion.hpp">
      <Filter>Header Files\Math</Filter>
    </ClInclude>
    <ClInclude Include="..\..\include\Math\Random\Random.hpp">
      <Filter>Header Files\Math\Random</Filter>
    </ClInclude>
    <ClInclude Include="..\..\include\Math\Noise\ANoise.hpp">
      <Filter>Header Files\Math\Noise</Filter>
    </ClInclude>
    <ClInclude Include="..\..\include\Math\Noise\SimplexNoise.hpp">
      <Filter>Header Files\Math\Noise</Filter>
    </ClInclude>
    <ClInclude Include="..\..\include\Math\Noise\PerlinNoise.hpp">
      <Filter>Header Files\Math\Noise</Filter>
    </ClInclude>
    <ClInclude Include="..\..\include\Math\Noise\WaveletNoise.hpp">
      <Filter>Header Files\Math\Noise</Filter>
    </ClInclude>
    <ClInclude Include="..\..\include\Math\Random\ARandom.hpp">
      <Filter>Header Files\Math\Random\PRNGs</Filter>
    </ClInclude>
    <ClInclude Include="..\..\include\Math\Random\CMWC.hpp">
      <Filter>Header Files\Math\Random\PRNGs</Filter>
    </ClInclude>
    <ClInclude Include="..\..\include\Math\Random\MersenneTwister127.hpp">
      <Filter>Header Files\Math\Random\PRNGs</Filter>
    </ClInclude>
    <ClInclude Include="..\..\include\Math\Random\MersenneTwister19937.hpp">
      <Filter>Header Files\Math\Random\PRNGs</Filter>
    </ClInclude>
    <ClInclude Include="..\..\include\Math\Random\WELL.hpp">
      <Filter>Header Files\Math\Random\PRNGs</Filter>
    </ClInclude>
    <ClInclude Include="..\..\include\Math\Random\XorShift.hpp">
      <Filter>Header Files\Math\Random\PRNGs</Filter>
    </ClInclude>
    <ClInclude Include="..\..\include\Math\Random\ASampler.hpp">
      <Filter>Header Files\Math\Random\Samplers</Filter>
    </ClInclude>
    <ClInclude Include="..\..\include\Math\Random\BoxMullerSampler.hpp">
      <Filter>Header Files\Math\Random\Samplers</Filter>
    </ClInclude>
  </ItemGroup>
</Project>