<?xml version="1.0" encoding="utf-8"?>
<Project ToolsVersion="4.0" xmlns="http://schemas.microsoft.com/developer/msbuild/2003">
  <ItemGroup>
    <Filter Include="Source Files">
      <UniqueIdentifier>{4FC737F1-C7A5-4376-A066-2A32D752A2FF}</UniqueIdentifier>
      <Extensions>cpp;c;cc;cxx;def;odl;idl;hpj;bat;asm;asmx</Extensions>
    </Filter>
    <Filter Include="Header Files">
      <UniqueIdentifier>{93995380-89BD-4b04-88EB-625FBE52EBFB}</UniqueIdentifier>
      <Extensions>h;hh;hpp;hxx;hm;inl;inc;xsd</Extensions>
    </Filter>
    <Filter Include="Resource Files">
      <UniqueIdentifier>{67DA6AB6-F800-4c08-8B7A-83BB121AAD01}</UniqueIdentifier>
      <Extensions>rc;ico;cur;bmp;dlg;rc2;rct;bin;rgs;gif;jpg;jpeg;jpe;resx;tiff;tif;png;wav;mfcribbon-ms</Extensions>
    </Filter>
    <Filter Include="Header Files\Texture">
      <UniqueIdentifier>{0df34736-9ac9-4873-af44-9f0106d9fece}</UniqueIdentifier>
    </Filter>
    <Filter Include="Header Files\Shader">
      <UniqueIdentifier>{ef899a74-c7d9-4239-a853-e2d767b4ce89}</UniqueIdentifier>
    </Filter>
    <Filter Include="Header Files\RenderProperties">
      <UniqueIdentifier>{76e55e35-a128-4c1c-893a-9a6cb3d30d56}</UniqueIdentifier>
    </Filter>
    <Filter Include="Source Files\Texture">
      <UniqueIdentifier>{3947a5b6-106e-496a-b21e-544c56f3b0ac}</UniqueIdentifier>
    </Filter>
    <Filter Include="Source Files\Texture\TextureLoaders">
      <UniqueIdentifier>{69025456-581a-46a4-bc34-3f877ed7cf80}</UniqueIdentifier>
    </Filter>
    <Filter Include="Header Files\Texture\TextureLoaders">
      <UniqueIdentifier>{928c11f3-2725-4456-9d62-9e5af0263f8a}</UniqueIdentifier>
    </Filter>
  </ItemGroup>
  <ItemGroup>
    <ClInclude Include="..\..\include\HeaderTemplate.hpp">
      <Filter>Header Files</Filter>
    </ClInclude>
    <ClInclude Include="..\..\include\RenderProperties\Material.hpp">
      <Filter>Header Files\RenderProperties</Filter>
    </ClInclude>
    <ClInclude Include="..\..\include\RenderProperties\RenderType.hpp">
      <Filter>Header Files\RenderProperties</Filter>
    </ClInclude>
    <ClInclude Include="..\..\include\RenderProperties\RenderPosition.hpp">
      <Filter>Header Files\RenderProperties</Filter>
    </ClInclude>
    <ClInclude Include="..\..\include\Shader\Shader.hpp">
      <Filter>Header Files\Shader</Filter>
    </ClInclude>
    <ClInclude Include="..\..\include\Shader\VertexShader.hpp">
      <Filter>Header Files\Shader</Filter>
    </ClInclude>
    <ClInclude Include="..\..\include\Shader\FragmentShader.hpp">
      <Filter>Header Files\Shader</Filter>
    </ClInclude>
    <ClInclude Include="..\..\include\Shader\GeometryShader.hpp">
      <Filter>Header Files\Shader</Filter>
    </ClInclude>
    <ClInclude Include="..\..\include\Shader\PreTesselationShader.hpp">
      <Filter>Header Files\Shader</Filter>
    </ClInclude>
    <ClInclude Include="..\..\include\Shader\PostTesselationShader.hpp">
      <Filter>Header Files\Shader</Filter>
    </ClInclude>
    <ClInclude Include="..\..\include\Texture\Texture.hpp">
      <Filter>Header Files\Texture</Filter>
    </ClInclude>
    <ClInclude Include="..\..\include\Texture\TextureEnums.hpp">
      <Filter>Header Files\Texture</Filter>
    </ClInclude>
    <ClInclude Include="..\..\include\Texture\Texture2D.hpp">
      <Filter>Header Files\Texture</Filter>
    </ClInclude>
    <ClInclude Include="..\..\include\Texture\TextureLoaders\TextureResourceLoader.hpp">
      <Filter>Header Files\Texture\TextureLoaders</Filter>
    </ClInclude>
    <ClInclude Include="..\..\include\Texture\TextureLoaders\TextureResourceLoader_BMP.hpp">
      <Filter>Header Files\Texture\TextureLoaders</Filter>
    </ClInclude>
  </ItemGroup>
  <ItemGroup>
    <ClCompile Include="..\..\src\Texture\Texture.cpp">
      <Filter>Source Files\Texture</Filter>
    </ClCompile>
    <ClCompile Include="..\..\src\Texture\Texture2D.cpp">
      <Filter>Source Files\Texture</Filter>
    </ClCompile>
    <ClCompile Include="..\..\src\Texture\TextureLoaders\TextureResourceLoader.cpp">
      <Filter>Source Files\Texture\TextureLoaders</Filter>
    </ClCompile>
    <ClCompile Include="..\..\src\Texture\TextureLoaders\TextureResourceLoader_BMP.cpp">
      <Filter>Source Files\Texture\TextureLoaders</Filter>
    </ClCompile>
  </ItemGroup>
</Project>