
Microsoft Visual Studio Solution File, Format Version 12.00
# Visual Studio 15
VisualStudioVersion = 15.0.26228.9
MinimumVisualStudioVersion = 10.0.40219.1
Project("{8BC9CEB8-8B4A-11D0-8D11-00A0C91BC942}") = "OcularCore", "..\..\OcularCore\projects\vs2017\OcularCore.vcxproj", "{3926028B-B885-4FF1-AC6A-3F048BAF21A6}"
EndProject
Project("{8BC9CEB8-8B4A-11D0-8D11-00A0C91BC942}") = "OcularD3D11", "..\..\OcularD3D11\projects\vs2017\OcularD3D11.vcxproj", "{FCFE3C0E-9566-459C-9E1B-37465D8812D1}"
EndProject
Project("{8BC9CEB8-8B4A-11D0-8D11-00A0C91BC942}") = "OcularEditor", "..\..\OcularEditor\projects\vs2017\OcularEditor.vcxproj", "{B12702AD-ABFB-343A-A199-8E24837244A3}"
EndProject
Project("{8BC9CEB8-8B4A-11D0-8D11-00A0C91BC942}") = "OcularTest", "..\..\OcularTest\projects\vs2017\OcularTest\OcularTest.vcxproj", "{066D9C0A-E3A8-4517-A989-6611D5DF4751}"
EndProject
Global
	GlobalSection(SolutionConfigurationPlatforms) = preSolution
		Debug|x64 = Debug|x64
		Debug|x86 = Debug|x86
		Release|x64 = Release|x64
		Release|x86 = Release|x86
		ReleaseDebug|x64 = ReleaseDebug|x64
		ReleaseDebug|x86 = ReleaseDebug|x86
	EndGlobalSection
	GlobalSection(ProjectConfigurationPlatforms) = postSolution
		{3926028B-B885-4FF1-AC6A-3F048BAF21A6}.Debug|x64.ActiveCfg = Debug|x64
		{3926028B-B885-4FF1-AC6A-3F048BAF21A6}.Debug|x64.Build.0 = Debug|x64
		{3926028B-B885-4FF1-AC6A-3F048BAF21A6}.Debug|x86.ActiveCfg = Debug|Win32
		{3926028B-B885-4FF1-AC6A-3F048BAF21A6}.Debug|x86.Build.0 = Debug|Win32
		{3926028B-B885-4FF1-AC6A-3F048BAF21A6}.Release|x64.ActiveCfg = Release|x64
		{3926028B-B885-4FF1-AC6A-3F048BAF21A6}.Release|x64.Build.0 = Release|x64
		{3926028B-B885-4FF1-AC6A-3F048BAF21A6}.Release|x86.ActiveCfg = Release|Win32
		{3926028B-B885-4FF1-AC6A-3F048BAF21A6}.Release|x86.Build.0 = Release|Win32
		{3926028B-B885-4FF1-AC6A-3F048BAF21A6}.ReleaseDebug|x64.ActiveCfg = ReleaseDebug|x64
		{3926028B-B885-4FF1-AC6A-3F048BAF21A6}.ReleaseDebug|x64.Build.0 = ReleaseDebug|x64
		{3926028B-B885-4FF1-AC6A-3F048BAF21A6}.ReleaseDebug|x86.ActiveCfg = ReleaseDebug|Win32
		{3926028B-B885-4FF1-AC6A-3F048BAF21A6}.ReleaseDebug|x86.Build.0 = ReleaseDebug|Win32
		{FCFE3C0E-9566-459C-9E1B-37465D8812D1}.Debug|x64.ActiveCfg = Debug|x64
		{FCFE3C0E-9566-459C-9E1B-37465D8812D1}.Debug|x64.Build.0 = Debug|x64
		{FCFE3C0E-9566-459C-9E1B-37465D8812D1}.Debug|x86.ActiveCfg = Debug|Win32
		{FCFE3C0E-9566-459C-9E1B-37465D8812D1}.Debug|x86.Build.0 = Debug|Win32
		{FCFE3C0E-9566-459C-9E1B-37465D8812D1}.Release|x64.ActiveCfg = Release|x64
		{FCFE3C0E-9566-459C-9E1B-37465D8812D1}.Release|x64.Build.0 = Release|x64
		{FCFE3C0E-9566-459C-9E1B-37465D8812D1}.Release|x86.ActiveCfg = Release|Win32
		{FCFE3C0E-9566-459C-9E1B-37465D8812D1}.Release|x86.Build.0 = Release|Win32
		{FCFE3C0E-9566-459C-9E1B-37465D8812D1}.ReleaseDebug|x64.ActiveCfg = ReleaseDebug|x64
		{FCFE3C0E-9566-459C-9E1B-37465D8812D1}.ReleaseDebug|x64.Build.0 = ReleaseDebug|x64
		{FCFE3C0E-9566-459C-9E1B-37465D8812D1}.ReleaseDebug|x86.ActiveCfg = ReleaseDebug|Win32
		{FCFE3C0E-9566-459C-9E1B-37465D8812D1}.ReleaseDebug|x86.Build.0 = ReleaseDebug|Win32
		{B12702AD-ABFB-343A-A199-8E24837244A3}.Debug|x64.ActiveCfg = Debug|x64
		{B12702AD-ABFB-343A-A199-8E24837244A3}.Debug|x64.Build.0 = Debug|x64
		{B12702AD-ABFB-343A-A199-8E24837244A3}.Debug|x86.ActiveCfg = Debug|Win32
		{B12702AD-ABFB-343A-A199-8E24837244A3}.Debug|x86.Build.0 = Debug|Win32
		{B12702AD-ABFB-343A-A199-8E24837244A3}.Release|x64.ActiveCfg = Release|x64
		{B12702AD-ABFB-343A-A199-8E24837244A3}.Release|x64.Build.0 = Release|x64
		{B12702AD-ABFB-343A-A199-8E24837244A3}.Release|x86.ActiveCfg = Release|Win32
		{B12702AD-ABFB-343A-A199-8E24837244A3}.Release|x86.Build.0 = Release|Win32
		{B12702AD-ABFB-343A-A199-8E24837244A3}.ReleaseDebug|x64.ActiveCfg = ReleaseDebug|x64
		{B12702AD-ABFB-343A-A199-8E24837244A3}.ReleaseDebug|x64.Build.0 = ReleaseDebug|x64
		{B12702AD-ABFB-343A-A199-8E24837244A3}.ReleaseDebug|x86.ActiveCfg = ReleaseDebug|Win32
		{B12702AD-ABFB-343A-A199-8E24837244A3}.ReleaseDebug|x86.Build.0 = ReleaseDebug|Win32
		{066D9C0A-E3A8-4517-A989-6611D5DF4751}.Debug|x64.ActiveCfg = Debug|x64
		{066D9C0A-E3A8-4517-A989-6611D5DF4751}.Debug|x64.Build.0 = Debug|x64
		{066D9C0A-E3A8-4517-A989-6611D5DF4751}.Debug|x86.ActiveCfg = Debug|Win32
		{066D9C0A-E3A8-4517-A989-6611D5DF4751}.Debug|x86.Build.0 = Debug|Win32
		{066D9C0A-E3A8-4517-A989-6611D5DF4751}.Release|x64.ActiveCfg = Release|x64
		{066D9C0A-E3A8-4517-A989-6611D5DF4751}.Release|x64.Build.0 = Release|x64
		{066D9C0A-E3A8-4517-A989-6611D5DF4751}.Release|x86.ActiveCfg = Release|Win32
		{066D9C0A-E3A8-4517-A989-6611D5DF4751}.Release|x86.Build.0 = Release|Win32
		{066D9C0A-E3A8-4517-A989-6611D5DF4751}.ReleaseDebug|x64.ActiveCfg = ReleaseDebug|x64
		{066D9C0A-E3A8-4517-A989-6611D5DF4751}.ReleaseDebug|x64.Build.0 = ReleaseDebug|x64
		{066D9C0A-E3A8-4517-A989-6611D5DF4751}.ReleaseDebug|x86.ActiveCfg = ReleaseDebug|Win32
		{066D9C0A-E3A8-4517-A989-6611D5DF4751}.ReleaseDebug|x86.Build.0 = ReleaseDebug|Win32
	EndGlobalSection
	GlobalSection(SolutionProperties) = preSolution
		HideSolutionNode = FALSE
	EndGlobalSection
EndGlobal
