
Microsoft Visual Studio Solution File, Format Version 12.00
# Visual Studio 2013
VisualStudioVersion = 12.0.40629.0
MinimumVisualStudioVersion = 10.0.40219.1
Project("{8BC9CEB8-8B4A-11D0-8D11-00A0C91BC942}") = "OcularCore", "..\..\OcularCore\projects\vs2013\OcularCore.vcxproj", "{3926028B-B885-4FF1-AC6A-3F048BAF21A6}"
EndProject
Project("{8BC9CEB8-8B4A-11D0-8D11-00A0C91BC942}") = "OcularTest", "..\..\OcularTest\projects\vs2013\OcularTest\OcularTest.vcxproj", "{066D9C0A-E3A8-4517-A989-6611D5DF4751}"
	ProjectSection(ProjectDependencies) = postProject
		{FCFE3C0E-9566-459C-9E1B-37465D8812D1} = {FCFE3C0E-9566-459C-9E1B-37465D8812D1}
	EndProjectSection
EndProject
Project("{8BC9CEB8-8B4A-11D0-8D11-00A0C91BC942}") = "OcularD3D11", "..\..\OcularD3D11\projects\vs2013\OcularD3D11.vcxproj", "{FCFE3C0E-9566-459C-9E1B-37465D8812D1}"
	ProjectSection(ProjectDependencies) = postProject
		{3926028B-B885-4FF1-AC6A-3F048BAF21A6} = {3926028B-B885-4FF1-AC6A-3F048BAF21A6}
	EndProjectSection
EndProject
Project("{8BC9CEB8-8B4A-11D0-8D11-00A0C91BC942}") = "OcularEditor", "..\..\OcularEditor\projects\vs2013\OcularEditor.vcxproj", "{B12702AD-ABFB-343A-A199-8E24837244A3}"
	ProjectSection(ProjectDependencies) = postProject
		{FCFE3C0E-9566-459C-9E1B-37465D8812D1} = {FCFE3C0E-9566-459C-9E1B-37465D8812D1}
		{3926028B-B885-4FF1-AC6A-3F048BAF21A6} = {3926028B-B885-4FF1-AC6A-3F048BAF21A6}
	EndProjectSection
EndProject
Global
	GlobalSection(SolutionConfigurationPlatforms) = preSolution
		Debug|Win32 = Debug|Win32
		Debug|x64 = Debug|x64
		Release|Win32 = Release|Win32
		Release|x64 = Release|x64
	EndGlobalSection
	GlobalSection(ProjectConfigurationPlatforms) = postSolution
		{3926028B-B885-4FF1-AC6A-3F048BAF21A6}.Debug|Win32.ActiveCfg = Debug|Win32
		{3926028B-B885-4FF1-AC6A-3F048BAF21A6}.Debug|Win32.Build.0 = Debug|Win32
		{3926028B-B885-4FF1-AC6A-3F048BAF21A6}.Debug|x64.ActiveCfg = Debug|x64
		{3926028B-B885-4FF1-AC6A-3F048BAF21A6}.Debug|x64.Build.0 = Debug|x64
		{3926028B-B885-4FF1-AC6A-3F048BAF21A6}.Release|Win32.ActiveCfg = Release|Win32
		{3926028B-B885-4FF1-AC6A-3F048BAF21A6}.Release|Win32.Build.0 = Release|Win32
		{3926028B-B885-4FF1-AC6A-3F048BAF21A6}.Release|x64.ActiveCfg = Release|x64
		{3926028B-B885-4FF1-AC6A-3F048BAF21A6}.Release|x64.Build.0 = Release|x64
		{066D9C0A-E3A8-4517-A989-6611D5DF4751}.Debug|Win32.ActiveCfg = Debug|Win32
		{066D9C0A-E3A8-4517-A989-6611D5DF4751}.Debug|Win32.Build.0 = Debug|Win32
		{066D9C0A-E3A8-4517-A989-6611D5DF4751}.Debug|x64.ActiveCfg = Debug|x64
		{066D9C0A-E3A8-4517-A989-6611D5DF4751}.Release|Win32.ActiveCfg = Release|Win32
		{066D9C0A-E3A8-4517-A989-6611D5DF4751}.Release|Win32.Build.0 = Release|Win32
		{066D9C0A-E3A8-4517-A989-6611D5DF4751}.Release|x64.ActiveCfg = Release|x64
		{FCFE3C0E-9566-459C-9E1B-37465D8812D1}.Debug|Win32.ActiveCfg = Debug|Win32
		{FCFE3C0E-9566-459C-9E1B-37465D8812D1}.Debug|Win32.Build.0 = Debug|Win32
		{FCFE3C0E-9566-459C-9E1B-37465D8812D1}.Debug|x64.ActiveCfg = Debug|x64
		{FCFE3C0E-9566-459C-9E1B-37465D8812D1}.Release|Win32.ActiveCfg = Release|Win32
		{FCFE3C0E-9566-459C-9E1B-37465D8812D1}.Release|Win32.Build.0 = Release|Win32
		{FCFE3C0E-9566-459C-9E1B-37465D8812D1}.Release|x64.ActiveCfg = Release|x64
		{B12702AD-ABFB-343A-A199-8E24837244A3}.Debug|Win32.ActiveCfg = Debug|Win32
		{B12702AD-ABFB-343A-A199-8E24837244A3}.Debug|Win32.Build.0 = Debug|Win32
		{B12702AD-ABFB-343A-A199-8E24837244A3}.Debug|x64.ActiveCfg = Debug|x64
		{B12702AD-ABFB-343A-A199-8E24837244A3}.Debug|x64.Build.0 = Debug|x64
		{B12702AD-ABFB-343A-A199-8E24837244A3}.Release|Win32.ActiveCfg = Release|Win32
		{B12702AD-ABFB-343A-A199-8E24837244A3}.Release|Win32.Build.0 = Release|Win32
		{B12702AD-ABFB-343A-A199-8E24837244A3}.Release|x64.ActiveCfg = Release|x64
		{B12702AD-ABFB-343A-A199-8E24837244A3}.Release|x64.Build.0 = Release|x64
	EndGlobalSection
	GlobalSection(SolutionProperties) = preSolution
		HideSolutionNode = FALSE
	EndGlobalSection
EndGlobal
