<?xml version="1.0" encoding="utf-8"?>
<Project ToolsVersion="4.0" xmlns="http://schemas.microsoft.com/developer/msbuild/2003">
  <ItemGroup>
    <Filter Include="Source Files">
      <UniqueIdentifier>{4FC737F1-C7A5-4376-A066-2A32D752A2FF}</UniqueIdentifier>
      <Extensions>cpp;cxx;c;def</Extensions>
    </Filter>
    <Filter Include="Header Files">
      <UniqueIdentifier>{93995380-89BD-4b04-88EB-625FBE52EBFB}</UniqueIdentifier>
      <Extensions>h</Extensions>
    </Filter>
    <Filter Include="Form Files">
      <UniqueIdentifier>{99349809-55BA-4b9d-BF79-8FDBB0286EB3}</UniqueIdentifier>
      <Extensions>ui</Extensions>
    </Filter>
    <Filter Include="Resource Files">
      <UniqueIdentifier>{D9D6E242-F8AF-46E4-B9FD-80ECBC20BA3E}</UniqueIdentifier>
      <Extensions>qrc;*</Extensions>
      <ParseFiles>false</ParseFiles>
    </Filter>
    <Filter Include="Generated Files">
      <UniqueIdentifier>{71ED8ED8-ACB9-4CE9-BBE1-E00B30144E11}</UniqueIdentifier>
      <Extensions>moc;h;cpp</Extensions>
      <ParseFiles>true</ParseFiles>
    </Filter>
    <Filter Include="Generated Files\Debug">
      <UniqueIdentifier>{5e11e0e0-17a3-4ee7-8ada-1787d02637da}</UniqueIdentifier>
      <Extensions>cpp;moc</Extensions>
      <SourceControlFiles>False</SourceControlFiles>
    </Filter>
    <Filter Include="Generated Files\Release">
      <UniqueIdentifier>{4988b828-fe65-4496-9c60-c6000f56a956}</UniqueIdentifier>
      <Extensions>cpp;moc</Extensions>
      <SourceControlFiles>False</SourceControlFiles>
    </Filter>
    <Filter Include="Header Files\Widgets">
      <UniqueIdentifier>{12744a6f-7a3e-4d22-80b4-80ce4a478b40}</UniqueIdentifier>
    </Filter>
    <Filter Include="Source Files\Widgets">
      <UniqueIdentifier>{18b735ba-e556-4e4a-abd3-8456b3561bc0}</UniqueIdentifier>
    </Filter>
    <Filter Include="Header Files\Styles">
      <UniqueIdentifier>{8b67a4e6-744b-44f3-b220-14df81ee9b7a}</UniqueIdentifier>
    </Filter>
    <Filter Include="Source Files\Styles">
      <UniqueIdentifier>{d40cc28c-b3dc-43ba-b164-c657dadf66eb}</UniqueIdentifier>
    </Filter>
    <Filter Include="Header Files\Input">
      <UniqueIdentifier>{e2796b7f-9ddd-4260-9b72-a96097adbfe5}</UniqueIdentifier>
    </Filter>
    <Filter Include="Source Files\Input">
      <UniqueIdentifier>{e08b0bfd-6b12-4626-9eb0-24ac4690acca}</UniqueIdentifier>
    </Filter>
    <Filter Include="Header Files\Routines">
      <UniqueIdentifier>{aebba510-c112-4453-8e7f-a11616196a52}</UniqueIdentifier>
    </Filter>
    <Filter Include="Source Files\Routines">
      <UniqueIdentifier>{cbf87723-5422-40a2-8c17-b4dcbbc05f2d}</UniqueIdentifier>
    </Filter>
    <Filter Include="Header Files\Events">
      <UniqueIdentifier>{87853f2c-eebf-4719-ae24-977b870c0959}</UniqueIdentifier>
    </Filter>
    <Filter Include="Source Files\Events">
      <UniqueIdentifier>{d29d3936-800d-42fe-97e5-ed8ff5a31711}</UniqueIdentifier>
    </Filter>
    <Filter Include="Header Files\Widgets\Properties">
      <UniqueIdentifier>{5916cc52-7e15-4cec-b74e-768874453d3a}</UniqueIdentifier>
    </Filter>
    <Filter Include="Source Files\Widgets\Properties">
      <UniqueIdentifier>{ae180ee6-2d57-40b8-9bfa-a7ea45aa3112}</UniqueIdentifier>
    </Filter>
  </ItemGroup>
  <ItemGroup>
    <ClCompile Include="..\..\src\main.cpp">
      <Filter>Source Files</Filter>
    </ClCompile>
    <ClCompile Include="..\..\src\stdafx.cpp">
      <Filter>Source Files</Filter>
    </ClCompile>
    <ClCompile Include="..\..\src\QtGenerated\Debug\moc_MainWindow.cpp">
      <Filter>Generated Files\Debug</Filter>
    </ClCompile>
    <ClCompile Include="..\..\src\QtGenerated\Release\moc_MainWindow.cpp">
      <Filter>Generated Files\Release</Filter>
    </ClCompile>
    <ClCompile Include="..\..\src\Widgets\MainWindow.cpp">
      <Filter>Source Files\Widgets</Filter>
    </ClCompile>
    <ClCompile Include="..\..\src\Widgets\MainMenuBar.cpp">
      <Filter>Source Files\Widgets</Filter>
    </ClCompile>
    <ClCompile Include="..\..\src\QtGenerated\Debug\moc_MainMenuBar.cpp">
      <Filter>Generated Files\Debug</Filter>
    </ClCompile>
    <ClCompile Include="..\..\src\QtGenerated\Release\moc_MainMenuBar.cpp">
      <Filter>Generated Files\Release</Filter>
    </ClCompile>
    <ClCompile Include="..\..\src\Widgets\MainStatusBar.cpp">
      <Filter>Source Files\Widgets</Filter>
    </ClCompile>
    <ClCompile Include="..\..\src\Widgets\ToolBarCommon.cpp">
      <Filter>Source Files\Widgets</Filter>
    </ClCompile>
    <ClCompile Include="..\..\src\Widgets\RenderFrame.cpp">
      <Filter>Source Files\Widgets</Filter>
    </ClCompile>
    <ClCompile Include="..\..\src\Widgets\ContentFrame.cpp">
      <Filter>Source Files\Widgets</Filter>
    </ClCompile>
    <ClCompile Include="..\..\src\Widgets\SceneFrame.cpp">
      <Filter>Source Files\Widgets</Filter>
    </ClCompile>
    <ClCompile Include="..\..\src\Widgets\DetailsFrame.cpp">
      <Filter>Source Files\Widgets</Filter>
    </ClCompile>
    <ClCompile Include="..\..\src\Widgets\SceneBox.cpp">
      <Filter>Source Files\Widgets</Filter>
    </ClCompile>
    <ClCompile Include="..\..\src\Widgets\ConsoleBox.cpp">
      <Filter>Source Files\Widgets</Filter>
    </ClCompile>
    <ClCompile Include="..\..\src\Widgets\ConsoleText.cpp">
      <Filter>Source Files\Widgets</Filter>
    </ClCompile>
    <ClCompile Include="..\..\src\Widgets\SceneTree.cpp">
      <Filter>Source Files\Widgets</Filter>
    </ClCompile>
    <ClCompile Include="..\..\src\Styles\GeneralStyles.cpp">
      <Filter>Source Files\Styles</Filter>
    </ClCompile>
    <ClCompile Include="..\..\src\QtGenerated\Debug\moc_InputTranslator.cpp">
      <Filter>Generated Files\Debug</Filter>
    </ClCompile>
    <ClCompile Include="..\..\src\QtGenerated\Release\moc_InputTranslator.cpp">
      <Filter>Generated Files\Release</Filter>
    </ClCompile>
    <ClCompile Include="..\..\src\Input\InputTranslator.cpp">
      <Filter>Source Files\Input</Filter>
    </ClCompile>
    <ClCompile Include="..\..\src\Widgets\SceneTreeItem.cpp">
      <Filter>Source Files\Widgets</Filter>
    </ClCompile>
    <ClCompile Include="..\..\src\Routines\EditorCameraController.cpp">
      <Filter>Source Files\Routines</Filter>
    </ClCompile>
    <ClCompile Include="..\..\src\EditorHelpers.cpp">
      <Filter>Source Files</Filter>
    </ClCompile>
    <ClCompile Include="..\..\src\Events\SceneObjectSelectedEvent.cpp">
      <Filter>Source Files\Events</Filter>
    </ClCompile>
    <ClCompile Include="..\..\src\Widgets\Properties\CommonPropertiesDisplay.cpp">
      <Filter>Source Files\Widgets\Properties</Filter>
    </ClCompile>
    <ClCompile Include="..\..\src\Widgets\PropertiesBox.cpp">
      <Filter>Source Files\Widgets</Filter>
    </ClCompile>
    <ClCompile Include="..\..\src\Widgets\PropertiesPanel.cpp">
      <Filter>Source Files\Widgets</Filter>
    </ClCompile>
    <ClCompile Include="..\..\src\Widgets\Properties\PropertyWidget.cpp">
      <Filter>Source Files\Widgets\Properties</Filter>
    </ClCompile>
    <ClCompile Include="..\..\src\Widgets\Properties\Vector3Property.cpp">
      <Filter>Source Files\Widgets\Properties</Filter>
    </ClCompile>
    <ClCompile Include="..\..\src\Widgets\Properties\QuatAsEulerProperty.cpp">
      <Filter>Source Files\Widgets\Properties</Filter>
    </ClCompile>
    <ClCompile Include="..\..\src\Widgets\Properties\QuaternionProperty.cpp">
      <Filter>Source Files\Widgets\Properties</Filter>
    </ClCompile>
    <ClCompile Include="..\..\src\Widgets\Properties\EulerProperty.cpp">
      <Filter>Source Files\Widgets\Properties</Filter>
    </ClCompile>
    <ClCompile Include="..\..\src\Widgets\Properties\Vector2Property.cpp">
      <Filter>Source Files\Widgets\Properties</Filter>
    </ClCompile>
    <ClCompile Include="..\..\src\Widgets\Properties\Vector4Property.cpp">
      <Filter>Source Files\Widgets\Properties</Filter>
    </ClCompile>
    <ClCompile Include="..\..\src\Widgets\Properties\LineProperty.cpp">
      <Filter>Source Files\Widgets\Properties</Filter>
    </ClCompile>
    <ClCompile Include="..\..\src\QtGenerated\Debug\moc_LineProperty.cpp">
      <Filter>Generated Files\Debug</Filter>
    </ClCompile>
    <ClCompile Include="..\..\src\QtGenerated\Release\moc_LineProperty.cpp">
      <Filter>Generated Files\Release</Filter>
    </ClCompile>
  </ItemGroup>
  <ItemGroup>
    <ClInclude Include="..\..\include\stdafx.h">
      <Filter>Header Files</Filter>
    </ClInclude>
    <ClInclude Include="..\..\include\Widgets\MainStatusBar.hpp">
      <Filter>Header Files\Widgets</Filter>
    </ClInclude>
    <ClInclude Include="..\..\include\Widgets\ToolBarCommon.hpp">
      <Filter>Header Files\Widgets</Filter>
    </ClInclude>
    <ClInclude Include="..\..\include\Widgets\RenderFrame.hpp">
      <Filter>Header Files\Widgets</Filter>
    </ClInclude>
    <ClInclude Include="..\..\include\Widgets\ContentFrame.hpp">
      <Filter>Header Files\Widgets</Filter>
    </ClInclude>
    <ClInclude Include="..\..\include\Widgets\SceneFrame.hpp">
      <Filter>Header Files\Widgets</Filter>
    </ClInclude>
    <ClInclude Include="..\..\include\Widgets\DetailsFrame.hpp">
      <Filter>Header Files\Widgets</Filter>
    </ClInclude>
    <ClInclude Include="..\..\include\Widgets\ConsoleBox.hpp">
      <Filter>Header Files\Widgets</Filter>
    </ClInclude>
    <ClInclude Include="..\..\include\Widgets\SceneBox.hpp">
      <Filter>Header Files\Widgets</Filter>
    </ClInclude>
    <ClInclude Include="..\..\include\Widgets\ConsoleText.hpp">
      <Filter>Header Files\Widgets</Filter>
    </ClInclude>
    <ClInclude Include="..\..\include\Styles\GeneralStyles.hpp">
      <Filter>Header Files\Styles</Filter>
    </ClInclude>
    <ClInclude Include="..\..\include\Widgets\SceneTreeItem.hpp">
      <Filter>Header Files\Widgets</Filter>
    </ClInclude>
    <ClInclude Include="..\..\include\Routines\EditorCameraController.hpp">
      <Filter>Header Files\Routines</Filter>
    </ClInclude>
    <ClInclude Include="..\..\include\EditorHelpers.hpp">
      <Filter>Header Files</Filter>
    </ClInclude>
    <ClInclude Include="..\..\include\Events\SceneObjectSelectedEvent.hpp">
      <Filter>Header Files\Events</Filter>
    </ClInclude>
    <ClInclude Include="..\..\include\Widgets\Properties\CommonPropertiesDisplay.hpp">
      <Filter>Header Files\Widgets\Properties</Filter>
    </ClInclude>
    <ClInclude Include="..\..\include\Widgets\Properties\PropertyWidget.hpp">
      <Filter>Header Files\Widgets\Properties</Filter>
    </ClInclude>
    <ClInclude Include="..\..\include\Widgets\PropertiesBox.hpp">
      <Filter>Header Files\Widgets</Filter>
    </ClInclude>
    <ClInclude Include="..\..\include\Widgets\PropertiesPanel.hpp">
      <Filter>Header Files\Widgets</Filter>
    </ClInclude>
    <ClInclude Include="..\..\include\Widgets\Properties\Vector3Property.hpp">
      <Filter>Header Files\Widgets\Properties</Filter>
    </ClInclude>
    <ClInclude Include="..\..\include\Widgets\Properties\Vector4Property.hpp">
      <Filter>Header Files\Widgets\Properties</Filter>
    </ClInclude>
    <ClInclude Include="..\..\include\Widgets\Properties\Vector2Property.hpp">
      <Filter>Header Files\Widgets\Properties</Filter>
    </ClInclude>
    <ClInclude Include="..\..\include\Widgets\Properties\QuaternionProperty.hpp">
      <Filter>Header Files\Widgets\Properties</Filter>
    </ClInclude>
    <ClInclude Include="..\..\include\Widgets\Properties\EulerProperty.hpp">
      <Filter>Header Files\Widgets\Properties</Filter>
    </ClInclude>
    <ClInclude Include="..\..\include\Widgets\Properties\QuatAsEulerProperty.hpp">
      <Filter>Header Files\Widgets\Properties</Filter>
    </ClInclude>
  </ItemGroup>
  <ItemGroup>
    <CustomBuild Include="..\..\include\Widgets\MainWindow.hpp">
      <Filter>Header Files\Widgets</Filter>
    </CustomBuild>
    <CustomBuild Include="..\..\include\Widgets\MainMenuBar.hpp">
      <Filter>Header Files\Widgets</Filter>
    </CustomBuild>
    <CustomBuild Include="..\..\include\Input\InputTranslator.hpp">
      <Filter>Header Files\Input</Filter>
    </CustomBuild>
    <CustomBuild Include="..\..\include\Widgets\SceneTree.hpp">
      <Filter>Header Files\Widgets</Filter>
    </CustomBuild>
    <CustomBuild Include="..\..\include\Widgets\Properties\LineProperty.hpp">
      <Filter>Header Files\Widgets\Properties</Filter>
    </CustomBuild>
  </ItemGroup>
</Project>